PODS:
  - CocoaLumberjack (3.4.2):
    - CocoaLumberjack/Default (= 3.4.2)
    - CocoaLumberjack/Extensions (= 3.4.2)
  - CocoaLumberjack/Default (3.4.2)
  - CocoaLumberjack/Extensions (3.4.2):
    - CocoaLumberjack/Default
  - Expecta (1.0.6)
  - GoogleAnalytics (3.17.0)
  - SWTableViewCell (0.3.7)

DEPENDENCIES:
  - CocoaLumberjack (~> 3.4.2)
  - Expecta (~> 1.0)
  - GoogleAnalytics (~> 3.17)
  - SWTableViewCell (~> 0.3.7)

SPEC REPOS:
  https://github.com/CocoaPods/Specs.git:
    - CocoaLumberjack
    - Expecta
    - GoogleAnalytics
    - SWTableViewCell

SPEC CHECKSUMS:
  CocoaLumberjack: db7cc9e464771f12054c22ff6947c5a58d43a0fd
  Expecta: 3b6bd90a64b9a1dcb0b70aa0e10a7f8f631667d5
  GoogleAnalytics: f42cc53a87a51fe94334821868d9c8481ff47a7b
  SWTableViewCell: 2a94aadc9d47b2b611fa064566bf57948b95b579

PODFILE CHECKSUM: 3b40a1730a71cc95c736c63c931007c236b1dcff

COCOAPODS: 1.5.0
