PODS:
  - AFNetworking (3.2.0):
    - AFNetworking/NSURLSession (= 3.2.0)
    - AFNetworking/Reachability (= 3.2.0)
    - AFNetworking/Security (= 3.2.0)
    - AFNetworking/Serialization (= 3.2.0)
    - AFNetworking/UIKit (= 3.2.0)
  - AFNetworking/NSURLSession (3.2.0):
    - AFNetworking/Reachability
    - AFNetworking/Security
    - AFNetworking/Serialization
  - AFNetworking/Reachability (3.2.0)
  - AFNetworking/Security (3.2.0)
  - AFNetworking/Serialization (3.2.0)
  - AFNetworking/UIKit (3.2.0):
    - AFNetworking/NSURLSession
  - CocoaLumberjack (3.4.1):
    - CocoaLumberjack/Default (= 3.4.1)
    - CocoaLumberjack/Extensions (= 3.4.1)
  - CocoaLumberjack/Default (3.4.1)
  - CocoaLumberjack/Extensions (3.4.1):
    - CocoaLumberjack/Default
  - Expecta (1.0.6)
  - GoogleAnalytics (3.17.0)
  - SWTableViewCell (0.3.7)

DEPENDENCIES:
  - AFNetworking (~> 3.2)
  - CocoaLumberjack (from `https://github.com/CocoaLumberjack/CocoaLumberjack.git`)
  - Expecta (~> 1.0)
  - GoogleAnalytics (~> 3.17)
  - SWTableViewCell (~> 0.3.7)

SPEC REPOS:
  https://github.com/CocoaPods/Specs.git:
    - AFNetworking
    - Expecta
    - GoogleAnalytics
    - SWTableViewCell

EXTERNAL SOURCES:
  CocoaLumberjack:
    :git: https://github.com/CocoaLumberjack/CocoaLumberjack.git

CHECKOUT OPTIONS:
  CocoaLumberjack:
    :commit: f36e4ae75f31ec41e88a3931604334585cb0c7b2
    :git: https://github.com/CocoaLumberjack/CocoaLumberjack.git

SPEC CHECKSUMS:
  AFNetworking: 8ac6017b94ea105479f7776e5288e48ae9c59bb4
  CocoaLumberjack: f848611df6de8023210a4e5811557aa5ba9fe778
  Expecta: 3b6bd90a64b9a1dcb0b70aa0e10a7f8f631667d5
  GoogleAnalytics: f42cc53a87a51fe94334821868d9c8481ff47a7b
  SWTableViewCell: 2a94aadc9d47b2b611fa064566bf57948b95b579

PODFILE CHECKSUM: 02061f8ada2e5021bbd73f91d3fa678e7932af6b

COCOAPODS: 1.5.0
