// !$*UTF8*$!
{
	archiveVersion = 1;
	classes = {
	};
	objectVersion = 46;
	objects = {

/* Begin PBXBuildFile section */
		1BAD99D317F556C819A2B576 /* libPods-CSF-OrderTests.a in Frameworks */ = {isa = PBXBuildFile; fileRef = 5DDD6EAD14272A222A087208 /* libPods-CSF-OrderTests.a */; };
		215A666FDCFB5EF39F418585 /* libPods-CSF-Order.a in Frameworks */ = {isa = PBXBuildFile; fileRef = 0045B1C3E78A83A6EE293931 /* libPods-CSF-Order.a */; };
		AD49295A208108AB00A0BDE2 /* FXKeychain.m in Sources */ = {isa = PBXBuildFile; fileRef = AD492957208108AB00A0BDE2 /* FXKeychain.m */; };
		AD49295B208108AB00A0BDE2 /* Info.plist in Resources */ = {isa = PBXBuildFile; fileRef = AD492959208108AB00A0BDE2 /* Info.plist */; };
		AD77EA542081421C008EB16B /* House-in-a-field_ipad.jpg in Resources */ = {isa = PBXBuildFile; fileRef = AD77EA532081421C008EB16B /* House-in-a-field_ipad.jpg */; };
		AD77EA56208149FD008EB16B /* House-in-a-field.jpg in Resources */ = {isa = PBXBuildFile; fileRef = AD77EA55208149FD008EB16B /* House-in-a-field.jpg */; };
		AD77EA5E20824929008EB16B /* FBShimmeringLayer.m in Sources */ = {isa = PBXBuildFile; fileRef = AD77EA5C20824929008EB16B /* FBShimmeringLayer.m */; };
		AD77EA5F20824929008EB16B /* FBShimmeringView.m in Sources */ = {isa = PBXBuildFile; fileRef = AD77EA5D20824929008EB16B /* FBShimmeringView.m */; };
		AD77EA9120824E8A008EB16B /* _FBTweakCategoryViewController.m in Sources */ = {isa = PBXBuildFile; fileRef = AD77EA6220824E8A008EB16B /* _FBTweakCategoryViewController.m */; };
		AD77EA9220824E8A008EB16B /* FBTweakStore.m in Sources */ = {isa = PBXBuildFile; fileRef = AD77EA6520824E8A008EB16B /* FBTweakStore.m */; };
		AD77EA9320824E8A008EB16B /* _FBTweakColorViewControllerHSBDataSource.m in Sources */ = {isa = PBXBuildFile; fileRef = AD77EA6B20824E8A008EB16B /* _FBTweakColorViewControllerHSBDataSource.m */; };
		AD77EA9420824E8A008EB16B /* _FBTweakCollectionViewController.m in Sources */ = {isa = PBXBuildFile; fileRef = AD77EA6C20824E8A008EB16B /* _FBTweakCollectionViewController.m */; };
		AD77EA9520824E8A008EB16B /* FBTweakCategory.m in Sources */ = {isa = PBXBuildFile; fileRef = AD77EA6D20824E8A008EB16B /* FBTweakCategory.m */; };
		AD77EA9620824E8A008EB16B /* FBTweakViewController.m in Sources */ = {isa = PBXBuildFile; fileRef = AD77EA6E20824E8A008EB16B /* FBTweakViewController.m */; };
		AD77EA9720824E8A008EB16B /* FBTweak.m in Sources */ = {isa = PBXBuildFile; fileRef = AD77EA6F20824E8A008EB16B /* FBTweak.m */; };
		AD77EA9820824E8A008EB16B /* _FBTweakTableViewCell.m in Sources */ = {isa = PBXBuildFile; fileRef = AD77EA7320824E8A008EB16B /* _FBTweakTableViewCell.m */; };
		AD77EA9920824E8A008EB16B /* FBTweakShakeWindow.m in Sources */ = {isa = PBXBuildFile; fileRef = AD77EA7420824E8A008EB16B /* FBTweakShakeWindow.m */; };
		AD77EA9A20824E8A008EB16B /* _FBColorComponentCell.m in Sources */ = {isa = PBXBuildFile; fileRef = AD77EA7520824E8A008EB16B /* _FBColorComponentCell.m */; };
		AD77EA9B20824E8A008EB16B /* _FBTweakBindObserver.m in Sources */ = {isa = PBXBuildFile; fileRef = AD77EA7A20824E8A008EB16B /* _FBTweakBindObserver.m */; };
		AD77EA9C20824E8A008EB16B /* FBTweakInline.m in Sources */ = {isa = PBXBuildFile; fileRef = AD77EA7B20824E8A008EB16B /* FBTweakInline.m */; };
		AD77EA9D20824E8A008EB16B /* _FBTweakArrayViewController.m in Sources */ = {isa = PBXBuildFile; fileRef = AD77EA7D20824E8A008EB16B /* _FBTweakArrayViewController.m */; };
		AD77EA9E20824E8A008EB16B /* _FBTweakColorViewControllerHexDataSource.m in Sources */ = {isa = PBXBuildFile; fileRef = AD77EA8220824E8A008EB16B /* _FBTweakColorViewControllerHexDataSource.m */; };
		AD77EA9F20824E8A008EB16B /* _FBTweakDictionaryViewController.m in Sources */ = {isa = PBXBuildFile; fileRef = AD77EA8420824E8A008EB16B /* _FBTweakDictionaryViewController.m */; };
		AD77EAA020824E8A008EB16B /* _FBKeyboardManager.m in Sources */ = {isa = PBXBuildFile; fileRef = AD77EA8620824E8A008EB16B /* _FBKeyboardManager.m */; };
		AD77EAA120824E8A008EB16B /* FBTweakCollection.m in Sources */ = {isa = PBXBuildFile; fileRef = AD77EA8720824E8A008EB16B /* FBTweakCollection.m */; };
		AD77EAA220824E8A008EB16B /* _FBColorUtils.m in Sources */ = {isa = PBXBuildFile; fileRef = AD77EA8820824E8A008EB16B /* _FBColorUtils.m */; };
		AD77EAA320824E8A008EB16B /* _FBTweakColorViewControllerRGBDataSource.m in Sources */ = {isa = PBXBuildFile; fileRef = AD77EA8B20824E8A008EB16B /* _FBTweakColorViewControllerRGBDataSource.m */; };
		AD77EAA420824E8A008EB16B /* _FBColorWheelCell.m in Sources */ = {isa = PBXBuildFile; fileRef = AD77EA8C20824E8A008EB16B /* _FBColorWheelCell.m */; };
		AD77EAA520824E8A008EB16B /* _FBSliderView.m in Sources */ = {isa = PBXBuildFile; fileRef = AD77EA8D20824E8A008EB16B /* _FBSliderView.m */; };
		AD77EAA620824E8A008EB16B /* _FBTweakColorViewController.m in Sources */ = {isa = PBXBuildFile; fileRef = AD77EA8E20824E8A008EB16B /* _FBTweakColorViewController.m */; };
		C9FA5054B8C48E6A480575FB /* OrderItem.m in Sources */ = {isa = PBXBuildFile; fileRef = C9FA5EBF5B27F3BE67A2B3AE /* OrderItem.m */; };
		C9FA5078177FF09CDBC1FFA4 /* SlideFromRightAnimationController.m in Sources */ = {isa = PBXBuildFile; fileRef = C9FA5E88F6393B0B20D9963F /* SlideFromRightAnimationController.m */; };
		C9FA522CA00454882F890EBC /* UserServices.m in Sources */ = {isa = PBXBuildFile; fileRef = C9FA53D267F112EB8298509F /* UserServices.m */; };
		C9FA52621EE162D4FA9BC9EA /* NetworkingServiceConstants.m in Sources */ = {isa = PBXBuildFile; fileRef = C9FA5C5F5E599602ADCF8A29 /* NetworkingServiceConstants.m */; };
		C9FA529D3B1582A3337686AD /* NetworkingService.m in Sources */ = {isa = PBXBuildFile; fileRef = C9FA5CBB38D521F75F5142D4 /* NetworkingService.m */; };
		C9FA537AC74DE711D12D92FF /* FBShimmeringView+Extended.m in Sources */ = {isa = PBXBuildFile; fileRef = C9FA56D6A225E1B08D2AA972 /* FBShimmeringView+Extended.m */; };
		C9FA53EA297BA9295AE13E2F /* User.m in Sources */ = {isa = PBXBuildFile; fileRef = C9FA5687440B9DB7CF211B2F /* User.m */; };
		C9FA546C158B74E4B0F8E144 /* Item.m in Sources */ = {isa = PBXBuildFile; fileRef = C9FA5F0CBF974E1BAACEC263 /* Item.m */; };
		C9FA571CC95F01867C396445 /* OrderDataService.m in Sources */ = {isa = PBXBuildFile; fileRef = C9FA52D06BD7481A26257822 /* OrderDataService.m */; };
		C9FA57FF38AD151043F5CE2A /* InventoryItem.m in Sources */ = {isa = PBXBuildFile; fileRef = C9FA51EAF720A4BBFF09A641 /* InventoryItem.m */; };
		C9FA5823E761EFA48F0D647A /* ThemeManager.m in Sources */ = {isa = PBXBuildFile; fileRef = C9FA55AEF2FCF7CAC7A947B7 /* ThemeManager.m */; };
		C9FA58F50414CABEF28B556B /* Order.m in Sources */ = {isa = PBXBuildFile; fileRef = C9FA5536808DA4E5BF559E59 /* Order.m */; };
		C9FA597B01FADAA998955CEF /* UIColor+Extended.m in Sources */ = {isa = PBXBuildFile; fileRef = C9FA5D08CDB2C072CDD8BC28 /* UIColor+Extended.m */; };
		C9FA59A87CF2C34B316D6F2A /* ActivityIndicator.m in Sources */ = {isa = PBXBuildFile; fileRef = C9FA58F0FDF580FC25B2261E /* ActivityIndicator.m */; };
		C9FA59B572F39DA7602D1597 /* SlideToRightAnimationController.m in Sources */ = {isa = PBXBuildFile; fileRef = C9FA5E26A846E1A1FCF86303 /* SlideToRightAnimationController.m */; };
		C9FA5A3439A0199813F7004A /* UIImageView+Extended.m in Sources */ = {isa = PBXBuildFile; fileRef = C9FA5440E552EC584FC6D83D /* UIImageView+Extended.m */; };
		C9FA5C1E704F2C25602CE11E /* TestConstants.m in Sources */ = {isa = PBXBuildFile; fileRef = C9FA5B198F2E0592EDD548BD /* TestConstants.m */; };
		C9FA5C27A102BE295E2158F2 /* UILabel+Extended.m in Sources */ = {isa = PBXBuildFile; fileRef = C9FA53544A686A4A124F2887 /* UILabel+Extended.m */; };
		C9FA5C3F1C486A05A6C95D4D /* FarmDataService.m in Sources */ = {isa = PBXBuildFile; fileRef = C9FA5028ABC406D04F291E30 /* FarmDataService.m */; };
		C9FA5CD9FDF80CC6C7E0183A /* ServiceConstants.m in Sources */ = {isa = PBXBuildFile; fileRef = C9FA58821501F91470DED679 /* ServiceConstants.m */; };
		C9FA5DF873B38B60722DF306 /* ServiceLocator.m in Sources */ = {isa = PBXBuildFile; fileRef = C9FA573953EFF1B5186F6511 /* ServiceLocator.m */; };
		C9FA5E68EAC61AEC1DF52870 /* OrderItemTableViewCell.m in Sources */ = {isa = PBXBuildFile; fileRef = C9FA52362D40650167B984EC /* OrderItemTableViewCell.m */; };
		C9FA5F8D212C1313A81A86C2 /* UITextField+Extended.m in Sources */ = {isa = PBXBuildFile; fileRef = C9FA5EC0557B176A6F3014FB /* UITextField+Extended.m */; };
		F108CE2718E31E9C00A19A28 /* UserServicesTests.m in Sources */ = {isa = PBXBuildFile; fileRef = F108CE2618E31E9C00A19A28 /* UserServicesTests.m */; };
		F10E084418DA2B3600A70217 /* ServiceLocatorTests.m in Sources */ = {isa = PBXBuildFile; fileRef = F10E084318DA2B3600A70217 /* ServiceLocatorTests.m */; };
		F10E084618DB8A1C00A70217 /* OrderDataServiceTests.m in Sources */ = {isa = PBXBuildFile; fileRef = F10E084518DB8A1C00A70217 /* OrderDataServiceTests.m */; };
		F10EA0E118EC7D7700CCBB0D /* OrderViewController.m in Sources */ = {isa = PBXBuildFile; fileRef = F10EA0E018EC7D7700CCBB0D /* OrderViewController.m */; };
		F13746CD199E31FC008AE331 /* ItemViewController.m in Sources */ = {isa = PBXBuildFile; fileRef = F13746CC199E31FC008AE331 /* ItemViewController.m */; };
		F166ECA5196B1325009AF9C4 /* BaseViewController.m in Sources */ = {isa = PBXBuildFile; fileRef = F166ECA4196B1325009AF9C4 /* BaseViewController.m */; };
		F19EAC4219A4E78C00C50063 /* NSDictionary+NSDictionary_Extended.m in Sources */ = {isa = PBXBuildFile; fileRef = F19EAC4119A4E78C00C50063 /* NSDictionary+NSDictionary_Extended.m */; };
		F1A91A5318D39602008395EE /* Foundation.framework in Frameworks */ = {isa = PBXBuildFile; fileRef = F1A91A5218D39602008395EE /* Foundation.framework */; };
		F1A91A5518D39602008395EE /* CoreGraphics.framework in Frameworks */ = {isa = PBXBuildFile; fileRef = F1A91A5418D39602008395EE /* CoreGraphics.framework */; };
		F1A91A5718D39602008395EE /* UIKit.framework in Frameworks */ = {isa = PBXBuildFile; fileRef = F1A91A5618D39602008395EE /* UIKit.framework */; };
		F1A91A5D18D39602008395EE /* InfoPlist.strings in Resources */ = {isa = PBXBuildFile; fileRef = F1A91A5B18D39602008395EE /* InfoPlist.strings */; };
		F1A91A5F18D39602008395EE /* main.m in Sources */ = {isa = PBXBuildFile; fileRef = F1A91A5E18D39602008395EE /* main.m */; };
		F1A91A6318D39602008395EE /* AppDelegate.m in Sources */ = {isa = PBXBuildFile; fileRef = F1A91A6218D39602008395EE /* AppDelegate.m */; };
		F1A91A6618D39602008395EE /* Main.storyboard in Resources */ = {isa = PBXBuildFile; fileRef = F1A91A6418D39602008395EE /* Main.storyboard */; };
		F1A91A6918D39602008395EE /* LoginViewController.m in Sources */ = {isa = PBXBuildFile; fileRef = F1A91A6818D39602008395EE /* LoginViewController.m */; };
		F1A91A6B18D39602008395EE /* Images.xcassets in Resources */ = {isa = PBXBuildFile; fileRef = F1A91A6A18D39602008395EE /* Images.xcassets */; };
		F1A91A7218D39602008395EE /* XCTest.framework in Frameworks */ = {isa = PBXBuildFile; fileRef = F1A91A7118D39602008395EE /* XCTest.framework */; };
		F1A91A7318D39602008395EE /* Foundation.framework in Frameworks */ = {isa = PBXBuildFile; fileRef = F1A91A5218D39602008395EE /* Foundation.framework */; };
		F1A91A7418D39602008395EE /* UIKit.framework in Frameworks */ = {isa = PBXBuildFile; fileRef = F1A91A5618D39602008395EE /* UIKit.framework */; };
		F1A91A7C18D39602008395EE /* InfoPlist.strings in Resources */ = {isa = PBXBuildFile; fileRef = F1A91A7A18D39602008395EE /* InfoPlist.strings */; };
		F1A91A7E18D39602008395EE /* FarmDataServiceTests.m in Sources */ = {isa = PBXBuildFile; fileRef = F1A91A7D18D39602008395EE /* FarmDataServiceTests.m */; };
		F1CA1A151AA6148F006740E4 /* EditItemViewController.m in Sources */ = {isa = PBXBuildFile; fileRef = F1CA1A141AA6148F006740E4 /* EditItemViewController.m */; };
/* End PBXBuildFile section */

/* Begin PBXContainerItemProxy section */
		F1A91A7518D39602008395EE /* PBXContainerItemProxy */ = {
			isa = PBXContainerItemProxy;
			containerPortal = F1A91A4718D39602008395EE /* Project object */;
			proxyType = 1;
			remoteGlobalIDString = F1A91A4E18D39602008395EE;
			remoteInfo = CSF;
		};
/* End PBXContainerItemProxy section */

/* Begin PBXFileReference section */
		0045B1C3E78A83A6EE293931 /* libPods-CSF-Order.a */ = {isa = PBXFileReference; explicitFileType = archive.ar; includeInIndex = 0; path = "libPods-CSF-Order.a"; sourceTree = BUILT_PRODUCTS_DIR; };
		247D27899F8790FA7AC95110 /* Pods-CSF-Order.debug.xcconfig */ = {isa = PBXFileReference; includeInIndex = 1; lastKnownFileType = text.xcconfig; name = "Pods-CSF-Order.debug.xcconfig"; path = "Pods/Target Support Files/Pods-CSF-Order/Pods-CSF-Order.debug.xcconfig"; sourceTree = "<group>"; };
		4F713B10C9B4CA4E7EE39D92 /* Pods-CSF-OrderTests.release.xcconfig */ = {isa = PBXFileReference; includeInIndex = 1; lastKnownFileType = text.xcconfig; name = "Pods-CSF-OrderTests.release.xcconfig"; path = "Pods/Target Support Files/Pods-CSF-OrderTests/Pods-CSF-OrderTests.release.xcconfig"; sourceTree = "<group>"; };
		5477B4EF33F8DAC06A771F4C /* Pods-CSF-OrderTests.debug.xcconfig */ = {isa = PBXFileReference; includeInIndex = 1; lastKnownFileType = text.xcconfig; name = "Pods-CSF-OrderTests.debug.xcconfig"; path = "Pods/Target Support Files/Pods-CSF-OrderTests/Pods-CSF-OrderTests.debug.xcconfig"; sourceTree = "<group>"; };
		5DDD6EAD14272A222A087208 /* libPods-CSF-OrderTests.a */ = {isa = PBXFileReference; explicitFileType = archive.ar; includeInIndex = 0; path = "libPods-CSF-OrderTests.a"; sourceTree = BUILT_PRODUCTS_DIR; };
		AD492957208108AB00A0BDE2 /* FXKeychain.m */ = {isa = PBXFileReference; fileEncoding = 4; lastKnownFileType = sourcecode.c.objc; path = FXKeychain.m; sourceTree = "<group>"; };
		AD492958208108AB00A0BDE2 /* FXKeychain.h */ = {isa = PBXFileReference; fileEncoding = 4; lastKnownFileType = sourcecode.c.h; path = FXKeychain.h; sourceTree = "<group>"; };
		AD492959208108AB00A0BDE2 /* Info.plist */ = {isa = PBXFileReference; fileEncoding = 4; lastKnownFileType = text.plist.xml; path = Info.plist; sourceTree = "<group>"; };
		AD77EA532081421C008EB16B /* House-in-a-field_ipad.jpg */ = {isa = PBXFileReference; lastKnownFileType = image.jpeg; path = "House-in-a-field_ipad.jpg"; sourceTree = "<group>"; };
		AD77EA55208149FD008EB16B /* House-in-a-field.jpg */ = {isa = PBXFileReference; lastKnownFileType = image.jpeg; path = "House-in-a-field.jpg"; sourceTree = "<group>"; };
		AD77EA5820824929008EB16B /* FBShimmering.h */ = {isa = PBXFileReference; fileEncoding = 4; lastKnownFileType = sourcecode.c.h; path = FBShimmering.h; sourceTree = "<group>"; };
		AD77EA5920824929008EB16B /* FBShimmeringLayer.h */ = {isa = PBXFileReference; fileEncoding = 4; lastKnownFileType = sourcecode.c.h; path = FBShimmeringLayer.h; sourceTree = "<group>"; };
		AD77EA5A20824929008EB16B /* FBShimmering-Prefix.pch */ = {isa = PBXFileReference; fileEncoding = 4; lastKnownFileType = sourcecode.c.h; path = "FBShimmering-Prefix.pch"; sourceTree = "<group>"; };
		AD77EA5B20824929008EB16B /* FBShimmeringView.h */ = {isa = PBXFileReference; fileEncoding = 4; lastKnownFileType = sourcecode.c.h; path = FBShimmeringView.h; sourceTree = "<group>"; };
		AD77EA5C20824929008EB16B /* FBShimmeringLayer.m */ = {isa = PBXFileReference; fileEncoding = 4; lastKnownFileType = sourcecode.c.objc; path = FBShimmeringLayer.m; sourceTree = "<group>"; };
		AD77EA5D20824929008EB16B /* FBShimmeringView.m */ = {isa = PBXFileReference; fileEncoding = 4; lastKnownFileType = sourcecode.c.objc; path = FBShimmeringView.m; sourceTree = "<group>"; };
		AD77EA6120824E8A008EB16B /* FBTweak-Prefix.pch */ = {isa = PBXFileReference; fileEncoding = 4; lastKnownFileType = sourcecode.c.h; path = "FBTweak-Prefix.pch"; sourceTree = "<group>"; };
		AD77EA6220824E8A008EB16B /* _FBTweakCategoryViewController.m */ = {isa = PBXFileReference; fileEncoding = 4; lastKnownFileType = sourcecode.c.objc; path = _FBTweakCategoryViewController.m; sourceTree = "<group>"; };
		AD77EA6320824E8A008EB16B /* _FBTweakArrayViewController.h */ = {isa = PBXFileReference; fileEncoding = 4; lastKnownFileType = sourcecode.c.h; path = _FBTweakArrayViewController.h; sourceTree = "<group>"; };
		AD77EA6420824E8A008EB16B /* FBTweakInline.h */ = {isa = PBXFileReference; fileEncoding = 4; lastKnownFileType = sourcecode.c.h; path = FBTweakInline.h; sourceTree = "<group>"; };
		AD77EA6520824E8A008EB16B /* FBTweakStore.m */ = {isa = PBXFileReference; fileEncoding = 4; lastKnownFileType = sourcecode.c.objc; path = FBTweakStore.m; sourceTree = "<group>"; };
		AD77EA6620824E8A008EB16B /* _FBTweakBindObserver.h */ = {isa = PBXFileReference; fileEncoding = 4; lastKnownFileType = sourcecode.c.h; path = _FBTweakBindObserver.h; sourceTree = "<group>"; };
		AD77EA6720824E8A008EB16B /* _FBTweakColorViewControllerDataSource.h */ = {isa = PBXFileReference; fileEncoding = 4; lastKnownFileType = sourcecode.c.h; path = _FBTweakColorViewControllerDataSource.h; sourceTree = "<group>"; };
		AD77EA6820824E8A008EB16B /* FBTweakEnabled.h */ = {isa = PBXFileReference; fileEncoding = 4; lastKnownFileType = sourcecode.c.h; path = FBTweakEnabled.h; sourceTree = "<group>"; };
		AD77EA6920824E8A008EB16B /* _FBTweakDictionaryViewController.h */ = {isa = PBXFileReference; fileEncoding = 4; lastKnownFileType = sourcecode.c.h; path = _FBTweakDictionaryViewController.h; sourceTree = "<group>"; };
		AD77EA6A20824E8A008EB16B /* _FBTweakColorViewControllerHexDataSource.h */ = {isa = PBXFileReference; fileEncoding = 4; lastKnownFileType = sourcecode.c.h; path = _FBTweakColorViewControllerHexDataSource.h; sourceTree = "<group>"; };
		AD77EA6B20824E8A008EB16B /* _FBTweakColorViewControllerHSBDataSource.m */ = {isa = PBXFileReference; fileEncoding = 4; lastKnownFileType = sourcecode.c.objc; path = _FBTweakColorViewControllerHSBDataSource.m; sourceTree = "<group>"; };
		AD77EA6C20824E8A008EB16B /* _FBTweakCollectionViewController.m */ = {isa = PBXFileReference; fileEncoding = 4; lastKnownFileType = sourcecode.c.objc; path = _FBTweakCollectionViewController.m; sourceTree = "<group>"; };
		AD77EA6D20824E8A008EB16B /* FBTweakCategory.m */ = {isa = PBXFileReference; fileEncoding = 4; lastKnownFileType = sourcecode.c.objc; path = FBTweakCategory.m; sourceTree = "<group>"; };
		AD77EA6E20824E8A008EB16B /* FBTweakViewController.m */ = {isa = PBXFileReference; fileEncoding = 4; lastKnownFileType = sourcecode.c.objc; path = FBTweakViewController.m; sourceTree = "<group>"; };
		AD77EA6F20824E8A008EB16B /* FBTweak.m */ = {isa = PBXFileReference; fileEncoding = 4; lastKnownFileType = sourcecode.c.objc; path = FBTweak.m; sourceTree = "<group>"; };
		AD77EA7020824E8A008EB16B /* _FBColorUtils.h */ = {isa = PBXFileReference; fileEncoding = 4; lastKnownFileType = sourcecode.c.h; path = _FBColorUtils.h; sourceTree = "<group>"; };
		AD77EA7120824E8A008EB16B /* FBTweakCollection.h */ = {isa = PBXFileReference; fileEncoding = 4; lastKnownFileType = sourcecode.c.h; path = FBTweakCollection.h; sourceTree = "<group>"; };
		AD77EA7220824E8A008EB16B /* _FBKeyboardManager.h */ = {isa = PBXFileReference; fileEncoding = 4; lastKnownFileType = sourcecode.c.h; path = _FBKeyboardManager.h; sourceTree = "<group>"; };
		AD77EA7320824E8A008EB16B /* _FBTweakTableViewCell.m */ = {isa = PBXFileReference; fileEncoding = 4; lastKnownFileType = sourcecode.c.objc; path = _FBTweakTableViewCell.m; sourceTree = "<group>"; };
		AD77EA7420824E8A008EB16B /* FBTweakShakeWindow.m */ = {isa = PBXFileReference; fileEncoding = 4; lastKnownFileType = sourcecode.c.objc; path = FBTweakShakeWindow.m; sourceTree = "<group>"; };
		AD77EA7520824E8A008EB16B /* _FBColorComponentCell.m */ = {isa = PBXFileReference; fileEncoding = 4; lastKnownFileType = sourcecode.c.objc; path = _FBColorComponentCell.m; sourceTree = "<group>"; };
		AD77EA7620824E8A008EB16B /* _FBTweakColorViewController.h */ = {isa = PBXFileReference; fileEncoding = 4; lastKnownFileType = sourcecode.c.h; path = _FBTweakColorViewController.h; sourceTree = "<group>"; };
		AD77EA7720824E8A008EB16B /* _FBSliderView.h */ = {isa = PBXFileReference; fileEncoding = 4; lastKnownFileType = sourcecode.c.h; path = _FBSliderView.h; sourceTree = "<group>"; };
		AD77EA7820824E8A008EB16B /* _FBColorWheelCell.h */ = {isa = PBXFileReference; fileEncoding = 4; lastKnownFileType = sourcecode.c.h; path = _FBColorWheelCell.h; sourceTree = "<group>"; };
		AD77EA7920824E8A008EB16B /* _FBTweakColorViewControllerRGBDataSource.h */ = {isa = PBXFileReference; fileEncoding = 4; lastKnownFileType = sourcecode.c.h; path = _FBTweakColorViewControllerRGBDataSource.h; sourceTree = "<group>"; };
		AD77EA7A20824E8A008EB16B /* _FBTweakBindObserver.m */ = {isa = PBXFileReference; fileEncoding = 4; lastKnownFileType = sourcecode.c.objc; path = _FBTweakBindObserver.m; sourceTree = "<group>"; };
		AD77EA7B20824E8A008EB16B /* FBTweakInline.m */ = {isa = PBXFileReference; fileEncoding = 4; lastKnownFileType = sourcecode.c.objc; path = FBTweakInline.m; sourceTree = "<group>"; };
		AD77EA7C20824E8A008EB16B /* FBTweakStore.h */ = {isa = PBXFileReference; fileEncoding = 4; lastKnownFileType = sourcecode.c.h; path = FBTweakStore.h; sourceTree = "<group>"; };
		AD77EA7D20824E8A008EB16B /* _FBTweakArrayViewController.m */ = {isa = PBXFileReference; fileEncoding = 4; lastKnownFileType = sourcecode.c.objc; path = _FBTweakArrayViewController.m; sourceTree = "<group>"; };
		AD77EA7E20824E8A008EB16B /* _FBTweakCategoryViewController.h */ = {isa = PBXFileReference; fileEncoding = 4; lastKnownFileType = sourcecode.c.h; path = _FBTweakCategoryViewController.h; sourceTree = "<group>"; };
		AD77EA7F20824E8A008EB16B /* FBTweakInlineInternal.h */ = {isa = PBXFileReference; fileEncoding = 4; lastKnownFileType = sourcecode.c.h; path = FBTweakInlineInternal.h; sourceTree = "<group>"; };
		AD77EA8020824E8A008EB16B /* _FBTweakCollectionViewController.h */ = {isa = PBXFileReference; fileEncoding = 4; lastKnownFileType = sourcecode.c.h; path = _FBTweakCollectionViewController.h; sourceTree = "<group>"; };
		AD77EA8120824E8A008EB16B /* FBTweakCategory.h */ = {isa = PBXFileReference; fileEncoding = 4; lastKnownFileType = sourcecode.c.h; path = FBTweakCategory.h; sourceTree = "<group>"; };
		AD77EA8220824E8A008EB16B /* _FBTweakColorViewControllerHexDataSource.m */ = {isa = PBXFileReference; fileEncoding = 4; lastKnownFileType = sourcecode.c.objc; path = _FBTweakColorViewControllerHexDataSource.m; sourceTree = "<group>"; };
		AD77EA8320824E8A008EB16B /* _FBTweakColorViewControllerHSBDataSource.h */ = {isa = PBXFileReference; fileEncoding = 4; lastKnownFileType = sourcecode.c.h; path = _FBTweakColorViewControllerHSBDataSource.h; sourceTree = "<group>"; };
		AD77EA8420824E8A008EB16B /* _FBTweakDictionaryViewController.m */ = {isa = PBXFileReference; fileEncoding = 4; lastKnownFileType = sourcecode.c.objc; path = _FBTweakDictionaryViewController.m; sourceTree = "<group>"; };
		AD77EA8520824E8A008EB16B /* _FBTweakTableViewCell.h */ = {isa = PBXFileReference; fileEncoding = 4; lastKnownFileType = sourcecode.c.h; path = _FBTweakTableViewCell.h; sourceTree = "<group>"; };
		AD77EA8620824E8A008EB16B /* _FBKeyboardManager.m */ = {isa = PBXFileReference; fileEncoding = 4; lastKnownFileType = sourcecode.c.objc; path = _FBKeyboardManager.m; sourceTree = "<group>"; };
		AD77EA8720824E8A008EB16B /* FBTweakCollection.m */ = {isa = PBXFileReference; fileEncoding = 4; lastKnownFileType = sourcecode.c.objc; path = FBTweakCollection.m; sourceTree = "<group>"; };
		AD77EA8820824E8A008EB16B /* _FBColorUtils.m */ = {isa = PBXFileReference; fileEncoding = 4; lastKnownFileType = sourcecode.c.objc; path = _FBColorUtils.m; sourceTree = "<group>"; };
		AD77EA8920824E8A008EB16B /* FBTweak.h */ = {isa = PBXFileReference; fileEncoding = 4; lastKnownFileType = sourcecode.c.h; path = FBTweak.h; sourceTree = "<group>"; };
		AD77EA8A20824E8A008EB16B /* FBTweakViewController.h */ = {isa = PBXFileReference; fileEncoding = 4; lastKnownFileType = sourcecode.c.h; path = FBTweakViewController.h; sourceTree = "<group>"; };
		AD77EA8B20824E8A008EB16B /* _FBTweakColorViewControllerRGBDataSource.m */ = {isa = PBXFileReference; fileEncoding = 4; lastKnownFileType = sourcecode.c.objc; path = _FBTweakColorViewControllerRGBDataSource.m; sourceTree = "<group>"; };
		AD77EA8C20824E8A008EB16B /* _FBColorWheelCell.m */ = {isa = PBXFileReference; fileEncoding = 4; lastKnownFileType = sourcecode.c.objc; path = _FBColorWheelCell.m; sourceTree = "<group>"; };
		AD77EA8D20824E8A008EB16B /* _FBSliderView.m */ = {isa = PBXFileReference; fileEncoding = 4; lastKnownFileType = sourcecode.c.objc; path = _FBSliderView.m; sourceTree = "<group>"; };
		AD77EA8E20824E8A008EB16B /* _FBTweakColorViewController.m */ = {isa = PBXFileReference; fileEncoding = 4; lastKnownFileType = sourcecode.c.objc; path = _FBTweakColorViewController.m; sourceTree = "<group>"; };
		AD77EA8F20824E8A008EB16B /* _FBColorComponentCell.h */ = {isa = PBXFileReference; fileEncoding = 4; lastKnownFileType = sourcecode.c.h; path = _FBColorComponentCell.h; sourceTree = "<group>"; };
		AD77EA9020824E8A008EB16B /* FBTweakShakeWindow.h */ = {isa = PBXFileReference; fileEncoding = 4; lastKnownFileType = sourcecode.c.h; path = FBTweakShakeWindow.h; sourceTree = "<group>"; };
		C9FA5028ABC406D04F291E30 /* FarmDataService.m */ = {isa = PBXFileReference; fileEncoding = 4; lastKnownFileType = sourcecode.c.objc; path = FarmDataService.m; sourceTree = "<group>"; };
		C9FA5112C11E220355F313F3 /* OrderItem.h */ = {isa = PBXFileReference; fileEncoding = 4; lastKnownFileType = sourcecode.c.h; path = OrderItem.h; sourceTree = "<group>"; };
		C9FA5162822E2F52A05131F8 /* UILabel+Extended.h */ = {isa = PBXFileReference; fileEncoding = 4; lastKnownFileType = sourcecode.c.h; path = "UILabel+Extended.h"; sourceTree = "<group>"; };
		C9FA519EA0F9CE3D8B61A911 /* UIImageView+Extended.h */ = {isa = PBXFileReference; fileEncoding = 4; lastKnownFileType = sourcecode.c.h; path = "UIImageView+Extended.h"; sourceTree = "<group>"; };
		C9FA51EAF720A4BBFF09A641 /* InventoryItem.m */ = {isa = PBXFileReference; fileEncoding = 4; lastKnownFileType = sourcecode.c.objc; path = InventoryItem.m; sourceTree = "<group>"; };
		C9FA52329E2D1A1B2C69A6A8 /* ActivityIndicatorProtocol.h */ = {isa = PBXFileReference; fileEncoding = 4; lastKnownFileType = sourcecode.c.h; path = ActivityIndicatorProtocol.h; sourceTree = "<group>"; };
		C9FA52362D40650167B984EC /* OrderItemTableViewCell.m */ = {isa = PBXFileReference; fileEncoding = 4; lastKnownFileType = sourcecode.c.objc; path = OrderItemTableViewCell.m; sourceTree = "<group>"; };
		C9FA526DE31158E7AA53F59E /* UITextField+Extended.h */ = {isa = PBXFileReference; fileEncoding = 4; lastKnownFileType = sourcecode.c.h; path = "UITextField+Extended.h"; sourceTree = "<group>"; };
		C9FA526F81D491D69FF8F812 /* ServiceConstants.h */ = {isa = PBXFileReference; fileEncoding = 4; lastKnownFileType = sourcecode.c.h; path = ServiceConstants.h; sourceTree = "<group>"; };
		C9FA52D06BD7481A26257822 /* OrderDataService.m */ = {isa = PBXFileReference; fileEncoding = 4; lastKnownFileType = sourcecode.c.objc; path = OrderDataService.m; sourceTree = "<group>"; };
		C9FA5305BDD4EAD4944DC8B2 /* UIColor+Extended.h */ = {isa = PBXFileReference; fileEncoding = 4; lastKnownFileType = sourcecode.c.h; path = "UIColor+Extended.h"; sourceTree = "<group>"; };
		C9FA530A9617B3B22B24B53D /* ActivityIndicator.h */ = {isa = PBXFileReference; fileEncoding = 4; lastKnownFileType = sourcecode.c.h; path = ActivityIndicator.h; sourceTree = "<group>"; };
		C9FA53544A686A4A124F2887 /* UILabel+Extended.m */ = {isa = PBXFileReference; fileEncoding = 4; lastKnownFileType = sourcecode.c.objc; path = "UILabel+Extended.m"; sourceTree = "<group>"; };
		C9FA53D267F112EB8298509F /* UserServices.m */ = {isa = PBXFileReference; fileEncoding = 4; lastKnownFileType = sourcecode.c.objc; path = UserServices.m; sourceTree = "<group>"; };
		C9FA53DA83129FF19B7F68FC /* NetworkingServiceConstants.h */ = {isa = PBXFileReference; fileEncoding = 4; lastKnownFileType = sourcecode.c.h; path = NetworkingServiceConstants.h; sourceTree = "<group>"; };
		C9FA53F35EA5A26414F4213D /* ServiceLocatorProtocol.h */ = {isa = PBXFileReference; fileEncoding = 4; lastKnownFileType = sourcecode.c.h; path = ServiceLocatorProtocol.h; sourceTree = "<group>"; };
		C9FA53FD1DE49414CD73EEF8 /* SlideToRightAnimationController.h */ = {isa = PBXFileReference; fileEncoding = 4; lastKnownFileType = sourcecode.c.h; path = SlideToRightAnimationController.h; sourceTree = "<group>"; };
		C9FA5440E552EC584FC6D83D /* UIImageView+Extended.m */ = {isa = PBXFileReference; fileEncoding = 4; lastKnownFileType = sourcecode.c.objc; path = "UIImageView+Extended.m"; sourceTree = "<group>"; };
		C9FA54CC16BEEC549BB6E116 /* InventoryItem.h */ = {isa = PBXFileReference; fileEncoding = 4; lastKnownFileType = sourcecode.c.h; path = InventoryItem.h; sourceTree = "<group>"; };
		C9FA5536808DA4E5BF559E59 /* Order.m */ = {isa = PBXFileReference; fileEncoding = 4; lastKnownFileType = sourcecode.c.objc; path = Order.m; sourceTree = "<group>"; };
		C9FA5539D43064D050EA16EC /* User.h */ = {isa = PBXFileReference; fileEncoding = 4; lastKnownFileType = sourcecode.c.h; path = User.h; sourceTree = "<group>"; };
		C9FA55816860AF76FCEF09AC /* Item.h */ = {isa = PBXFileReference; fileEncoding = 4; lastKnownFileType = sourcecode.c.h; path = Item.h; sourceTree = "<group>"; };
		C9FA55AEF2FCF7CAC7A947B7 /* ThemeManager.m */ = {isa = PBXFileReference; fileEncoding = 4; lastKnownFileType = sourcecode.c.objc; path = ThemeManager.m; sourceTree = "<group>"; };
		C9FA561D2C375B64BCD8366E /* FBShimmeringView+Extended.h */ = {isa = PBXFileReference; fileEncoding = 4; lastKnownFileType = sourcecode.c.h; path = "FBShimmeringView+Extended.h"; sourceTree = "<group>"; };
		C9FA5687440B9DB7CF211B2F /* User.m */ = {isa = PBXFileReference; fileEncoding = 4; lastKnownFileType = sourcecode.c.objc; path = User.m; sourceTree = "<group>"; };
		C9FA569433E799F0C2BA8D3F /* TestConstants.h */ = {isa = PBXFileReference; fileEncoding = 4; lastKnownFileType = sourcecode.c.h; path = TestConstants.h; sourceTree = "<group>"; };
		C9FA56D6A225E1B08D2AA972 /* FBShimmeringView+Extended.m */ = {isa = PBXFileReference; fileEncoding = 4; lastKnownFileType = sourcecode.c.objc; path = "FBShimmeringView+Extended.m"; sourceTree = "<group>"; };
		C9FA56F3A77BA0ECBEB9ED22 /* ServiceLocator.h */ = {isa = PBXFileReference; fileEncoding = 4; lastKnownFileType = sourcecode.c.h; path = ServiceLocator.h; sourceTree = "<group>"; };
		C9FA573953EFF1B5186F6511 /* ServiceLocator.m */ = {isa = PBXFileReference; fileEncoding = 4; lastKnownFileType = sourcecode.c.objc; path = ServiceLocator.m; sourceTree = "<group>"; };
		C9FA57890E6BF6B5146F5B0A /* UserServices.h */ = {isa = PBXFileReference; fileEncoding = 4; lastKnownFileType = sourcecode.c.h; path = UserServices.h; sourceTree = "<group>"; };
		C9FA58821501F91470DED679 /* ServiceConstants.m */ = {isa = PBXFileReference; fileEncoding = 4; lastKnownFileType = sourcecode.c.objc; path = ServiceConstants.m; sourceTree = "<group>"; };
		C9FA58A4E498348927754DCC /* NetworkingService.h */ = {isa = PBXFileReference; fileEncoding = 4; lastKnownFileType = sourcecode.c.h; path = NetworkingService.h; sourceTree = "<group>"; };
		C9FA58F0FDF580FC25B2261E /* ActivityIndicator.m */ = {isa = PBXFileReference; fileEncoding = 4; lastKnownFileType = sourcecode.c.objc; path = ActivityIndicator.m; sourceTree = "<group>"; };
		C9FA598B04729792C519FCD5 /* Order.h */ = {isa = PBXFileReference; fileEncoding = 4; lastKnownFileType = sourcecode.c.h; path = Order.h; sourceTree = "<group>"; };
		C9FA59A5A3FAB921DC508DC4 /* ThemeManagerProtocol.h */ = {isa = PBXFileReference; fileEncoding = 4; lastKnownFileType = sourcecode.c.h; path = ThemeManagerProtocol.h; sourceTree = "<group>"; };
		C9FA59B5C4C9B148829B162F /* FarmDataService.h */ = {isa = PBXFileReference; fileEncoding = 4; lastKnownFileType = sourcecode.c.h; path = FarmDataService.h; sourceTree = "<group>"; };
		C9FA59EE96903BE296CB3FA9 /* SlideFromRightAnimationController.h */ = {isa = PBXFileReference; fileEncoding = 4; lastKnownFileType = sourcecode.c.h; path = SlideFromRightAnimationController.h; sourceTree = "<group>"; };
		C9FA5A01D0283598EB3E5998 /* UserServicesProtocol.h */ = {isa = PBXFileReference; fileEncoding = 4; lastKnownFileType = sourcecode.c.h; path = UserServicesProtocol.h; sourceTree = "<group>"; };
		C9FA5B198F2E0592EDD548BD /* TestConstants.m */ = {isa = PBXFileReference; fileEncoding = 4; lastKnownFileType = sourcecode.c.objc; path = TestConstants.m; sourceTree = "<group>"; };
		C9FA5C5F5E599602ADCF8A29 /* NetworkingServiceConstants.m */ = {isa = PBXFileReference; fileEncoding = 4; lastKnownFileType = sourcecode.c.objc; path = NetworkingServiceConstants.m; sourceTree = "<group>"; };
		C9FA5CBB38D521F75F5142D4 /* NetworkingService.m */ = {isa = PBXFileReference; fileEncoding = 4; lastKnownFileType = sourcecode.c.objc; path = NetworkingService.m; sourceTree = "<group>"; };
		C9FA5D08CDB2C072CDD8BC28 /* UIColor+Extended.m */ = {isa = PBXFileReference; fileEncoding = 4; lastKnownFileType = sourcecode.c.objc; path = "UIColor+Extended.m"; sourceTree = "<group>"; };
		C9FA5D7C8D92A14BAB46176C /* ThemeManager.h */ = {isa = PBXFileReference; fileEncoding = 4; lastKnownFileType = sourcecode.c.h; path = ThemeManager.h; sourceTree = "<group>"; };
		C9FA5DDC7243DC90A655A792 /* FarmDataServiceProtocol.h */ = {isa = PBXFileReference; fileEncoding = 4; lastKnownFileType = sourcecode.c.h; path = FarmDataServiceProtocol.h; sourceTree = "<group>"; };
		C9FA5DDD91150820D740438E /* OrderItemTableViewCell.h */ = {isa = PBXFileReference; fileEncoding = 4; lastKnownFileType = sourcecode.c.h; path = OrderItemTableViewCell.h; sourceTree = "<group>"; };
		C9FA5E26A846E1A1FCF86303 /* SlideToRightAnimationController.m */ = {isa = PBXFileReference; fileEncoding = 4; lastKnownFileType = sourcecode.c.objc; path = SlideToRightAnimationController.m; sourceTree = "<group>"; };
		C9FA5E88F6393B0B20D9963F /* SlideFromRightAnimationController.m */ = {isa = PBXFileReference; fileEncoding = 4; lastKnownFileType = sourcecode.c.objc; path = SlideFromRightAnimationController.m; sourceTree = "<group>"; };
		C9FA5EBF5B27F3BE67A2B3AE /* OrderItem.m */ = {isa = PBXFileReference; fileEncoding = 4; lastKnownFileType = sourcecode.c.objc; path = OrderItem.m; sourceTree = "<group>"; };
		C9FA5EC0557B176A6F3014FB /* UITextField+Extended.m */ = {isa = PBXFileReference; fileEncoding = 4; lastKnownFileType = sourcecode.c.objc; path = "UITextField+Extended.m"; sourceTree = "<group>"; };
		C9FA5F0CBF974E1BAACEC263 /* Item.m */ = {isa = PBXFileReference; fileEncoding = 4; lastKnownFileType = sourcecode.c.objc; path = Item.m; sourceTree = "<group>"; };
		C9FA5F1234EEB17F0F20CC2A /* NetworkingServiceProtocol.h */ = {isa = PBXFileReference; fileEncoding = 4; lastKnownFileType = sourcecode.c.h; path = NetworkingServiceProtocol.h; sourceTree = "<group>"; };
		C9FA5FCCDC976D97A52D1D0B /* OrderDataServiceProtocol.h */ = {isa = PBXFileReference; fileEncoding = 4; lastKnownFileType = sourcecode.c.h; path = OrderDataServiceProtocol.h; sourceTree = "<group>"; };
		C9FA5FD37705F1745D20A497 /* .gitignore */ = {isa = PBXFileReference; lastKnownFileType = file.gitignore; path = .gitignore; sourceTree = "<group>"; };
		C9FA5FDB7F9BE9CF49EB1DCF /* OrderDataService.h */ = {isa = PBXFileReference; fileEncoding = 4; lastKnownFileType = sourcecode.c.h; path = OrderDataService.h; sourceTree = "<group>"; };
		CFB95960B1946AE39A67086B /* Pods-CSF-Order.release.xcconfig */ = {isa = PBXFileReference; includeInIndex = 1; lastKnownFileType = text.xcconfig; name = "Pods-CSF-Order.release.xcconfig"; path = "Pods/Target Support Files/Pods-CSF-Order/Pods-CSF-Order.release.xcconfig"; sourceTree = "<group>"; };
		F108CE2618E31E9C00A19A28 /* UserServicesTests.m */ = {isa = PBXFileReference; fileEncoding = 4; lastKnownFileType = sourcecode.c.objc; path = UserServicesTests.m; sourceTree = "<group>"; };
		F10E084318DA2B3600A70217 /* ServiceLocatorTests.m */ = {isa = PBXFileReference; fileEncoding = 4; lastKnownFileType = sourcecode.c.objc; path = ServiceLocatorTests.m; sourceTree = "<group>"; };
		F10E084518DB8A1C00A70217 /* OrderDataServiceTests.m */ = {isa = PBXFileReference; fileEncoding = 4; lastKnownFileType = sourcecode.c.objc; path = OrderDataServiceTests.m; sourceTree = "<group>"; };
		F10EA0DF18EC7D7700CCBB0D /* OrderViewController.h */ = {isa = PBXFileReference; fileEncoding = 4; lastKnownFileType = sourcecode.c.h; path = OrderViewController.h; sourceTree = "<group>"; };
		F10EA0E018EC7D7700CCBB0D /* OrderViewController.m */ = {isa = PBXFileReference; fileEncoding = 4; lastKnownFileType = sourcecode.c.objc; path = OrderViewController.m; sourceTree = "<group>"; };
		F13746CB199E31FC008AE331 /* ItemViewController.h */ = {isa = PBXFileReference; fileEncoding = 4; lastKnownFileType = sourcecode.c.h; path = ItemViewController.h; sourceTree = "<group>"; };
		F13746CC199E31FC008AE331 /* ItemViewController.m */ = {isa = PBXFileReference; fileEncoding = 4; lastKnownFileType = sourcecode.c.objc; path = ItemViewController.m; sourceTree = "<group>"; };
		F166ECA3196B1325009AF9C4 /* BaseViewController.h */ = {isa = PBXFileReference; fileEncoding = 4; lastKnownFileType = sourcecode.c.h; path = BaseViewController.h; sourceTree = "<group>"; };
		F166ECA4196B1325009AF9C4 /* BaseViewController.m */ = {isa = PBXFileReference; fileEncoding = 4; lastKnownFileType = sourcecode.c.objc; path = BaseViewController.m; sourceTree = "<group>"; };
		F19EAC4019A4E78C00C50063 /* NSDictionary+NSDictionary_Extended.h */ = {isa = PBXFileReference; fileEncoding = 4; lastKnownFileType = sourcecode.c.h; path = "NSDictionary+NSDictionary_Extended.h"; sourceTree = "<group>"; };
		F19EAC4119A4E78C00C50063 /* NSDictionary+NSDictionary_Extended.m */ = {isa = PBXFileReference; fileEncoding = 4; lastKnownFileType = sourcecode.c.objc; path = "NSDictionary+NSDictionary_Extended.m"; sourceTree = "<group>"; };
		F1A91A4F18D39602008395EE /* CSF-Order.app */ = {isa = PBXFileReference; explicitFileType = wrapper.application; includeInIndex = 0; path = "CSF-Order.app"; sourceTree = BUILT_PRODUCTS_DIR; };
		F1A91A5218D39602008395EE /* Foundation.framework */ = {isa = PBXFileReference; lastKnownFileType = wrapper.framework; name = Foundation.framework; path = System/Library/Frameworks/Foundation.framework; sourceTree = SDKROOT; };
		F1A91A5418D39602008395EE /* CoreGraphics.framework */ = {isa = PBXFileReference; lastKnownFileType = wrapper.framework; name = CoreGraphics.framework; path = System/Library/Frameworks/CoreGraphics.framework; sourceTree = SDKROOT; };
		F1A91A5618D39602008395EE /* UIKit.framework */ = {isa = PBXFileReference; lastKnownFileType = wrapper.framework; name = UIKit.framework; path = System/Library/Frameworks/UIKit.framework; sourceTree = SDKROOT; };
		F1A91A5A18D39602008395EE /* CSF-Order-Info.plist */ = {isa = PBXFileReference; lastKnownFileType = text.plist.xml; path = "CSF-Order-Info.plist"; sourceTree = "<group>"; };
		F1A91A5C18D39602008395EE /* en */ = {isa = PBXFileReference; lastKnownFileType = text.plist.strings; name = en; path = en.lproj/InfoPlist.strings; sourceTree = "<group>"; };
		F1A91A5E18D39602008395EE /* main.m */ = {isa = PBXFileReference; lastKnownFileType = sourcecode.c.objc; path = main.m; sourceTree = "<group>"; };
		F1A91A6018D39602008395EE /* CSF-Order-Prefix.pch */ = {isa = PBXFileReference; lastKnownFileType = sourcecode.c.h; path = "CSF-Order-Prefix.pch"; sourceTree = "<group>"; };
		F1A91A6118D39602008395EE /* AppDelegate.h */ = {isa = PBXFileReference; lastKnownFileType = sourcecode.c.h; path = AppDelegate.h; sourceTree = "<group>"; };
		F1A91A6218D39602008395EE /* AppDelegate.m */ = {isa = PBXFileReference; lastKnownFileType = sourcecode.c.objc; path = AppDelegate.m; sourceTree = "<group>"; };
		F1A91A6518D39602008395EE /* Base */ = {isa = PBXFileReference; lastKnownFileType = file.storyboard; name = Base; path = Base.lproj/Main.storyboard; sourceTree = "<group>"; };
		F1A91A6718D39602008395EE /* LoginViewController.h */ = {isa = PBXFileReference; lastKnownFileType = sourcecode.c.h; path = LoginViewController.h; sourceTree = "<group>"; };
		F1A91A6818D39602008395EE /* LoginViewController.m */ = {isa = PBXFileReference; lastKnownFileType = sourcecode.c.objc; path = LoginViewController.m; sourceTree = "<group>"; };
		F1A91A6A18D39602008395EE /* Images.xcassets */ = {isa = PBXFileReference; lastKnownFileType = folder.assetcatalog; path = Images.xcassets; sourceTree = "<group>"; };
		F1A91A7018D39602008395EE /* CSF-OrderTests.xctest */ = {isa = PBXFileReference; explicitFileType = wrapper.cfbundle; includeInIndex = 0; path = "CSF-OrderTests.xctest"; sourceTree = BUILT_PRODUCTS_DIR; };
		F1A91A7118D39602008395EE /* XCTest.framework */ = {isa = PBXFileReference; lastKnownFileType = wrapper.framework; name = XCTest.framework; path = Library/Frameworks/XCTest.framework; sourceTree = DEVELOPER_DIR; };
		F1A91A7918D39602008395EE /* CSF-OrderTests-Info.plist */ = {isa = PBXFileReference; lastKnownFileType = text.plist.xml; path = "CSF-OrderTests-Info.plist"; sourceTree = "<group>"; };
		F1A91A7B18D39602008395EE /* en */ = {isa = PBXFileReference; lastKnownFileType = text.plist.strings; name = en; path = en.lproj/InfoPlist.strings; sourceTree = "<group>"; };
		F1A91A7D18D39602008395EE /* FarmDataServiceTests.m */ = {isa = PBXFileReference; lastKnownFileType = sourcecode.c.objc; path = FarmDataServiceTests.m; sourceTree = "<group>"; };
		F1CA1A131AA6148F006740E4 /* EditItemViewController.h */ = {isa = PBXFileReference; fileEncoding = 4; lastKnownFileType = sourcecode.c.h; path = EditItemViewController.h; sourceTree = "<group>"; };
		F1CA1A141AA6148F006740E4 /* EditItemViewController.m */ = {isa = PBXFileReference; fileEncoding = 4; lastKnownFileType = sourcecode.c.objc; path = EditItemViewController.m; sourceTree = "<group>"; };
/* End PBXFileReference section */

/* Begin PBXFrameworksBuildPhase section */
		F1A91A4C18D39602008395EE /* Frameworks */ = {
			isa = PBXFrameworksBuildPhase;
			buildActionMask = 2147483647;
			files = (
				F1A91A5518D39602008395EE /* CoreGraphics.framework in Frameworks */,
				F1A91A5718D39602008395EE /* UIKit.framework in Frameworks */,
				F1A91A5318D39602008395EE /* Foundation.framework in Frameworks */,
				215A666FDCFB5EF39F418585 /* libPods-CSF-Order.a in Frameworks */,
			);
			runOnlyForDeploymentPostprocessing = 0;
		};
		F1A91A6D18D39602008395EE /* Frameworks */ = {
			isa = PBXFrameworksBuildPhase;
			buildActionMask = 2147483647;
			files = (
				F1A91A7218D39602008395EE /* XCTest.framework in Frameworks */,
				F1A91A7418D39602008395EE /* UIKit.framework in Frameworks */,
				F1A91A7318D39602008395EE /* Foundation.framework in Frameworks */,
				1BAD99D317F556C819A2B576 /* libPods-CSF-OrderTests.a in Frameworks */,
			);
			runOnlyForDeploymentPostprocessing = 0;
		};
/* End PBXFrameworksBuildPhase section */

/* Begin PBXGroup section */
		89F01F4C887A8A0E759035F3 /* Pods */ = {
			isa = PBXGroup;
			children = (
				247D27899F8790FA7AC95110 /* Pods-CSF-Order.debug.xcconfig */,
				CFB95960B1946AE39A67086B /* Pods-CSF-Order.release.xcconfig */,
				5477B4EF33F8DAC06A771F4C /* Pods-CSF-OrderTests.debug.xcconfig */,
				4F713B10C9B4CA4E7EE39D92 /* Pods-CSF-OrderTests.release.xcconfig */,
			);
			name = Pods;
			sourceTree = "<group>";
		};
		AD492956208108AB00A0BDE2 /* FXKeychain */ = {
			isa = PBXGroup;
			children = (
				AD492957208108AB00A0BDE2 /* FXKeychain.m */,
				AD492958208108AB00A0BDE2 /* FXKeychain.h */,
				AD492959208108AB00A0BDE2 /* Info.plist */,
			);
			path = FXKeychain;
			sourceTree = "<group>";
		};
		AD77EA52208141F1008EB16B /* Images */ = {
			isa = PBXGroup;
			children = (
				AD77EA55208149FD008EB16B /* House-in-a-field.jpg */,
				AD77EA532081421C008EB16B /* House-in-a-field_ipad.jpg */,
			);
			path = Images;
			sourceTree = "<group>";
		};
		AD77EA5720824929008EB16B /* FBShimmering */ = {
			isa = PBXGroup;
			children = (
				AD77EA5820824929008EB16B /* FBShimmering.h */,
				AD77EA5920824929008EB16B /* FBShimmeringLayer.h */,
				AD77EA5A20824929008EB16B /* FBShimmering-Prefix.pch */,
				AD77EA5B20824929008EB16B /* FBShimmeringView.h */,
				AD77EA5C20824929008EB16B /* FBShimmeringLayer.m */,
				AD77EA5D20824929008EB16B /* FBShimmeringView.m */,
			);
			path = FBShimmering;
			sourceTree = "<group>";
		};
		AD77EA6020824E8A008EB16B /* FBTweak */ = {
			isa = PBXGroup;
			children = (
				AD77EA6120824E8A008EB16B /* FBTweak-Prefix.pch */,
				AD77EA6220824E8A008EB16B /* _FBTweakCategoryViewController.m */,
				AD77EA6320824E8A008EB16B /* _FBTweakArrayViewController.h */,
				AD77EA6420824E8A008EB16B /* FBTweakInline.h */,
				AD77EA6520824E8A008EB16B /* FBTweakStore.m */,
				AD77EA6620824E8A008EB16B /* _FBTweakBindObserver.h */,
				AD77EA6720824E8A008EB16B /* _FBTweakColorViewControllerDataSource.h */,
				AD77EA6820824E8A008EB16B /* FBTweakEnabled.h */,
				AD77EA6920824E8A008EB16B /* _FBTweakDictionaryViewController.h */,
				AD77EA6A20824E8A008EB16B /* _FBTweakColorViewControllerHexDataSource.h */,
				AD77EA6B20824E8A008EB16B /* _FBTweakColorViewControllerHSBDataSource.m */,
				AD77EA6C20824E8A008EB16B /* _FBTweakCollectionViewController.m */,
				AD77EA6D20824E8A008EB16B /* FBTweakCategory.m */,
				AD77EA6E20824E8A008EB16B /* FBTweakViewController.m */,
				AD77EA6F20824E8A008EB16B /* FBTweak.m */,
				AD77EA7020824E8A008EB16B /* _FBColorUtils.h */,
				AD77EA7120824E8A008EB16B /* FBTweakCollection.h */,
				AD77EA7220824E8A008EB16B /* _FBKeyboardManager.h */,
				AD77EA7320824E8A008EB16B /* _FBTweakTableViewCell.m */,
				AD77EA7420824E8A008EB16B /* FBTweakShakeWindow.m */,
				AD77EA7520824E8A008EB16B /* _FBColorComponentCell.m */,
				AD77EA7620824E8A008EB16B /* _FBTweakColorViewController.h */,
				AD77EA7720824E8A008EB16B /* _FBSliderView.h */,
				AD77EA7820824E8A008EB16B /* _FBColorWheelCell.h */,
				AD77EA7920824E8A008EB16B /* _FBTweakColorViewControllerRGBDataSource.h */,
				AD77EA7A20824E8A008EB16B /* _FBTweakBindObserver.m */,
				AD77EA7B20824E8A008EB16B /* FBTweakInline.m */,
				AD77EA7C20824E8A008EB16B /* FBTweakStore.h */,
				AD77EA7D20824E8A008EB16B /* _FBTweakArrayViewController.m */,
				AD77EA7E20824E8A008EB16B /* _FBTweakCategoryViewController.h */,
				AD77EA7F20824E8A008EB16B /* FBTweakInlineInternal.h */,
				AD77EA8020824E8A008EB16B /* _FBTweakCollectionViewController.h */,
				AD77EA8120824E8A008EB16B /* FBTweakCategory.h */,
				AD77EA8220824E8A008EB16B /* _FBTweakColorViewControllerHexDataSource.m */,
				AD77EA8320824E8A008EB16B /* _FBTweakColorViewControllerHSBDataSource.h */,
				AD77EA8420824E8A008EB16B /* _FBTweakDictionaryViewController.m */,
				AD77EA8520824E8A008EB16B /* _FBTweakTableViewCell.h */,
				AD77EA8620824E8A008EB16B /* _FBKeyboardManager.m */,
				AD77EA8720824E8A008EB16B /* FBTweakCollection.m */,
				AD77EA8820824E8A008EB16B /* _FBColorUtils.m */,
				AD77EA8920824E8A008EB16B /* FBTweak.h */,
				AD77EA8A20824E8A008EB16B /* FBTweakViewController.h */,
				AD77EA8B20824E8A008EB16B /* _FBTweakColorViewControllerRGBDataSource.m */,
				AD77EA8C20824E8A008EB16B /* _FBColorWheelCell.m */,
				AD77EA8D20824E8A008EB16B /* _FBSliderView.m */,
				AD77EA8E20824E8A008EB16B /* _FBTweakColorViewController.m */,
				AD77EA8F20824E8A008EB16B /* _FBColorComponentCell.h */,
				AD77EA9020824E8A008EB16B /* FBTweakShakeWindow.h */,
			);
			path = FBTweak;
			sourceTree = "<group>";
		};
		C9FA51DA4B46C2DE291C220C /* Model */ = {
			isa = PBXGroup;
			children = (
				C9FA5687440B9DB7CF211B2F /* User.m */,
				C9FA5539D43064D050EA16EC /* User.h */,
				C9FA5536808DA4E5BF559E59 /* Order.m */,
				C9FA598B04729792C519FCD5 /* Order.h */,
				C9FA5EBF5B27F3BE67A2B3AE /* OrderItem.m */,
				C9FA5112C11E220355F313F3 /* OrderItem.h */,
				C9FA51EAF720A4BBFF09A641 /* InventoryItem.m */,
				C9FA54CC16BEEC549BB6E116 /* InventoryItem.h */,
				C9FA5F0CBF974E1BAACEC263 /* Item.m */,
				C9FA55816860AF76FCEF09AC /* Item.h */,
			);
			path = Model;
			sourceTree = "<group>";
		};
		C9FA5383DFE90B3FDE5EE54A /* Animation Controllers */ = {
			isa = PBXGroup;
			children = (
				C9FA5E88F6393B0B20D9963F /* SlideFromRightAnimationController.m */,
				C9FA59EE96903BE296CB3FA9 /* SlideFromRightAnimationController.h */,
				C9FA53FD1DE49414CD73EEF8 /* SlideToRightAnimationController.h */,
				C9FA5E26A846E1A1FCF86303 /* SlideToRightAnimationController.m */,
			);
			path = "Animation Controllers";
			sourceTree = "<group>";
		};
		C9FA5868CD01050643720730 /* Table Cells */ = {
			isa = PBXGroup;
			children = (
				C9FA52362D40650167B984EC /* OrderItemTableViewCell.m */,
				C9FA5DDD91150820D740438E /* OrderItemTableViewCell.h */,
			);
			path = "Table Cells";
			sourceTree = "<group>";
		};
		C9FA5CBF3D3D7E405BCF8DD9 /* Services */ = {
			isa = PBXGroup;
			children = (
				C9FA573953EFF1B5186F6511 /* ServiceLocator.m */,
				C9FA56F3A77BA0ECBEB9ED22 /* ServiceLocator.h */,
				C9FA5028ABC406D04F291E30 /* FarmDataService.m */,
				C9FA59B5C4C9B148829B162F /* FarmDataService.h */,
				C9FA5DDC7243DC90A655A792 /* FarmDataServiceProtocol.h */,
				C9FA58821501F91470DED679 /* ServiceConstants.m */,
				C9FA526F81D491D69FF8F812 /* ServiceConstants.h */,
				C9FA53F35EA5A26414F4213D /* ServiceLocatorProtocol.h */,
				C9FA5F1234EEB17F0F20CC2A /* NetworkingServiceProtocol.h */,
				C9FA5CBB38D521F75F5142D4 /* NetworkingService.m */,
				C9FA58A4E498348927754DCC /* NetworkingService.h */,
				C9FA5FCCDC976D97A52D1D0B /* OrderDataServiceProtocol.h */,
				C9FA52D06BD7481A26257822 /* OrderDataService.m */,
				C9FA5FDB7F9BE9CF49EB1DCF /* OrderDataService.h */,
				C9FA5A01D0283598EB3E5998 /* UserServicesProtocol.h */,
				C9FA53D267F112EB8298509F /* UserServices.m */,
				C9FA57890E6BF6B5146F5B0A /* UserServices.h */,
				C9FA53DA83129FF19B7F68FC /* NetworkingServiceConstants.h */,
				C9FA5C5F5E599602ADCF8A29 /* NetworkingServiceConstants.m */,
				C9FA52329E2D1A1B2C69A6A8 /* ActivityIndicatorProtocol.h */,
				C9FA58F0FDF580FC25B2261E /* ActivityIndicator.m */,
				C9FA530A9617B3B22B24B53D /* ActivityIndicator.h */,
			);
			path = Services;
			sourceTree = "<group>";
		};
		C9FA5EDF245F7E68ACF2F2DE /* Categories */ = {
			isa = PBXGroup;
			children = (
				C9FA5EC0557B176A6F3014FB /* UITextField+Extended.m */,
				C9FA526DE31158E7AA53F59E /* UITextField+Extended.h */,
				C9FA5D08CDB2C072CDD8BC28 /* UIColor+Extended.m */,
				C9FA5305BDD4EAD4944DC8B2 /* UIColor+Extended.h */,
				C9FA5440E552EC584FC6D83D /* UIImageView+Extended.m */,
				C9FA519EA0F9CE3D8B61A911 /* UIImageView+Extended.h */,
				C9FA56D6A225E1B08D2AA972 /* FBShimmeringView+Extended.m */,
				C9FA561D2C375B64BCD8366E /* FBShimmeringView+Extended.h */,
				C9FA53544A686A4A124F2887 /* UILabel+Extended.m */,
				C9FA5162822E2F52A05131F8 /* UILabel+Extended.h */,
				F19EAC4019A4E78C00C50063 /* NSDictionary+NSDictionary_Extended.h */,
				F19EAC4119A4E78C00C50063 /* NSDictionary+NSDictionary_Extended.m */,
			);
			path = Categories;
			sourceTree = "<group>";
		};
		F1A91A4618D39602008395EE = {
			isa = PBXGroup;
			children = (
				F1A91A5818D39602008395EE /* CSF */,
				F1A91A7718D39602008395EE /* CSFTests */,
				F1A91A5118D39602008395EE /* Frameworks */,
				F1A91A5018D39602008395EE /* Products */,
				C9FA5FD37705F1745D20A497 /* .gitignore */,
				89F01F4C887A8A0E759035F3 /* Pods */,
			);
			sourceTree = "<group>";
		};
		F1A91A5018D39602008395EE /* Products */ = {
			isa = PBXGroup;
			children = (
				F1A91A4F18D39602008395EE /* CSF-Order.app */,
				F1A91A7018D39602008395EE /* CSF-OrderTests.xctest */,
			);
			name = Products;
			sourceTree = "<group>";
		};
		F1A91A5118D39602008395EE /* Frameworks */ = {
			isa = PBXGroup;
			children = (
				F1A91A5218D39602008395EE /* Foundation.framework */,
				F1A91A5418D39602008395EE /* CoreGraphics.framework */,
				F1A91A5618D39602008395EE /* UIKit.framework */,
				F1A91A7118D39602008395EE /* XCTest.framework */,
				0045B1C3E78A83A6EE293931 /* libPods-CSF-Order.a */,
				5DDD6EAD14272A222A087208 /* libPods-CSF-OrderTests.a */,
			);
			name = Frameworks;
			sourceTree = "<group>";
		};
		F1A91A5818D39602008395EE /* CSF */ = {
			isa = PBXGroup;
			children = (
				C9FA5383DFE90B3FDE5EE54A /* Animation Controllers */,
				C9FA5EDF245F7E68ACF2F2DE /* Categories */,
				AD77EA5720824929008EB16B /* FBShimmering */,
				AD77EA6020824E8A008EB16B /* FBTweak */,
				AD492956208108AB00A0BDE2 /* FXKeychain */,
				AD77EA52208141F1008EB16B /* Images */,
				C9FA51DA4B46C2DE291C220C /* Model */,
				C9FA5CBF3D3D7E405BCF8DD9 /* Services */,
				F1A91A5918D39602008395EE /* Supporting Files */,
				C9FA5868CD01050643720730 /* Table Cells */,
				F1A91A6118D39602008395EE /* AppDelegate.h */,
				F1A91A6218D39602008395EE /* AppDelegate.m */,
				F166ECA3196B1325009AF9C4 /* BaseViewController.h */,
				F166ECA4196B1325009AF9C4 /* BaseViewController.m */,
				F13746CB199E31FC008AE331 /* ItemViewController.h */,
				F13746CC199E31FC008AE331 /* ItemViewController.m */,
				F1A91A6718D39602008395EE /* LoginViewController.h */,
				F1A91A6818D39602008395EE /* LoginViewController.m */,
				F1A91A6418D39602008395EE /* Main.storyboard */,
				F1CA1A131AA6148F006740E4 /* EditItemViewController.h */,
				F1CA1A141AA6148F006740E4 /* EditItemViewController.m */,
				F10EA0DF18EC7D7700CCBB0D /* OrderViewController.h */,
				F10EA0E018EC7D7700CCBB0D /* OrderViewController.m */,
				C9FA55AEF2FCF7CAC7A947B7 /* ThemeManager.m */,
				C9FA5D7C8D92A14BAB46176C /* ThemeManager.h */,
				C9FA59A5A3FAB921DC508DC4 /* ThemeManagerProtocol.h */,
			);
			path = CSF;
			sourceTree = "<group>";
		};
		F1A91A5918D39602008395EE /* Supporting Files */ = {
			isa = PBXGroup;
			children = (
				F1A91A6A18D39602008395EE /* Images.xcassets */,
				F1A91A5A18D39602008395EE /* CSF-Order-Info.plist */,
				F1A91A5B18D39602008395EE /* InfoPlist.strings */,
				F1A91A5E18D39602008395EE /* main.m */,
				F1A91A6018D39602008395EE /* CSF-Order-Prefix.pch */,
			);
			name = "Supporting Files";
			sourceTree = "<group>";
		};
		F1A91A7718D39602008395EE /* CSFTests */ = {
			isa = PBXGroup;
			children = (
				F1A91A7818D39602008395EE /* Supporting Files */,
				F1A91A7D18D39602008395EE /* FarmDataServiceTests.m */,
				F10E084518DB8A1C00A70217 /* OrderDataServiceTests.m */,
				F10E084318DA2B3600A70217 /* ServiceLocatorTests.m */,
				C9FA5B198F2E0592EDD548BD /* TestConstants.m */,
				C9FA569433E799F0C2BA8D3F /* TestConstants.h */,
				F108CE2618E31E9C00A19A28 /* UserServicesTests.m */,
			);
			path = CSFTests;
			sourceTree = "<group>";
		};
		F1A91A7818D39602008395EE /* Supporting Files */ = {
			isa = PBXGroup;
			children = (
				F1A91A7918D39602008395EE /* CSF-OrderTests-Info.plist */,
				F1A91A7A18D39602008395EE /* InfoPlist.strings */,
			);
			name = "Supporting Files";
			sourceTree = "<group>";
		};
/* End PBXGroup section */

/* Begin PBXNativeTarget section */
		F1A91A4E18D39602008395EE /* CSF-Order */ = {
			isa = PBXNativeTarget;
			buildConfigurationList = F1A91A8118D39602008395EE /* Build configuration list for PBXNativeTarget "CSF-Order" */;
			buildPhases = (
				24F85428F703DDB300B6295A /* [CP] Check Pods Manifest.lock */,
				F1A91A4B18D39602008395EE /* Sources */,
				F1A91A4C18D39602008395EE /* Frameworks */,
				F1A91A4D18D39602008395EE /* Resources */,
			);
			buildRules = (
			);
			dependencies = (
			);
			name = "CSF-Order";
			productName = CSF;
			productReference = F1A91A4F18D39602008395EE /* CSF-Order.app */;
			productType = "com.apple.product-type.application";
		};
		F1A91A6F18D39602008395EE /* CSF-OrderTests */ = {
			isa = PBXNativeTarget;
			buildConfigurationList = F1A91A8418D39602008395EE /* Build configuration list for PBXNativeTarget "CSF-OrderTests" */;
			buildPhases = (
				2F2BBDBC71DBFBA892BB7B15 /* [CP] Check Pods Manifest.lock */,
				F1A91A6C18D39602008395EE /* Sources */,
				F1A91A6D18D39602008395EE /* Frameworks */,
				F1A91A6E18D39602008395EE /* Resources */,
			);
			buildRules = (
			);
			dependencies = (
				F1A91A7618D39602008395EE /* PBXTargetDependency */,
			);
			name = "CSF-OrderTests";
			productName = CSFTests;
			productReference = F1A91A7018D39602008395EE /* CSF-OrderTests.xctest */;
			productType = "com.apple.product-type.bundle.unit-test";
		};
/* End PBXNativeTarget section */

/* Begin PBXProject section */
		F1A91A4718D39602008395EE /* Project object */ = {
			isa = PBXProject;
			attributes = {
				LastUpgradeCheck = 0930;
				ORGANIZATIONNAME = "Seamus McGowan";
				TargetAttributes = {
					F1A91A4E18D39602008395EE = {
						DevelopmentTeam = 43P46GQJ49;
						SystemCapabilities = {
							com.apple.Keychain = {
								enabled = 0;
							};
						};
					};
					F1A91A6F18D39602008395EE = {
						TestTargetID = F1A91A4E18D39602008395EE;
					};
				};
			};
			buildConfigurationList = F1A91A4A18D39602008395EE /* Build configuration list for PBXProject "CSF-Order" */;
			compatibilityVersion = "Xcode 3.2";
			developmentRegion = English;
			hasScannedForEncodings = 0;
			knownRegions = (
				en,
				Base,
			);
			mainGroup = F1A91A4618D39602008395EE;
			productRefGroup = F1A91A5018D39602008395EE /* Products */;
			projectDirPath = "";
			projectRoot = "";
			targets = (
				F1A91A4E18D39602008395EE /* CSF-Order */,
				F1A91A6F18D39602008395EE /* CSF-OrderTests */,
			);
		};
/* End PBXProject section */

/* Begin PBXResourcesBuildPhase section */
		F1A91A4D18D39602008395EE /* Resources */ = {
			isa = PBXResourcesBuildPhase;
			buildActionMask = 2147483647;
			files = (
				AD77EA56208149FD008EB16B /* House-in-a-field.jpg in Resources */,
				AD49295B208108AB00A0BDE2 /* Info.plist in Resources */,
				AD77EA542081421C008EB16B /* House-in-a-field_ipad.jpg in Resources */,
				F1A91A6B18D39602008395EE /* Images.xcassets in Resources */,
				F1A91A5D18D39602008395EE /* InfoPlist.strings in Resources */,
				F1A91A6618D39602008395EE /* Main.storyboard in Resources */,
			);
			runOnlyForDeploymentPostprocessing = 0;
		};
		F1A91A6E18D39602008395EE /* Resources */ = {
			isa = PBXResourcesBuildPhase;
			buildActionMask = 2147483647;
			files = (
				F1A91A7C18D39602008395EE /* InfoPlist.strings in Resources */,
			);
			runOnlyForDeploymentPostprocessing = 0;
		};
/* End PBXResourcesBuildPhase section */

/* Begin PBXShellScriptBuildPhase section */
		24F85428F703DDB300B6295A /* [CP] Check Pods Manifest.lock */ = {
			isa = PBXShellScriptBuildPhase;
			buildActionMask = 2147483647;
			files = (
			);
			inputPaths = (
				"${PODS_PODFILE_DIR_PATH}/Podfile.lock",
				"${PODS_ROOT}/Manifest.lock",
			);
			name = "[CP] Check Pods Manifest.lock";
			outputPaths = (
				"$(DERIVED_FILE_DIR)/Pods-CSF-Order-checkManifestLockResult.txt",
			);
			runOnlyForDeploymentPostprocessing = 0;
			shellPath = /bin/sh;
			shellScript = "diff \"${PODS_PODFILE_DIR_PATH}/Podfile.lock\" \"${PODS_ROOT}/Manifest.lock\" > /dev/null\nif [ $? != 0 ] ; then\n    # print error to STDERR\n    echo \"error: The sandbox is not in sync with the Podfile.lock. Run 'pod install' or update your CocoaPods installation.\" >&2\n    exit 1\nfi\n# This output is used by Xcode 'outputs' to avoid re-running this script phase.\necho \"SUCCESS\" > \"${SCRIPT_OUTPUT_FILE_0}\"\n";
			showEnvVarsInLog = 0;
		};
		2F2BBDBC71DBFBA892BB7B15 /* [CP] Check Pods Manifest.lock */ = {
			isa = PBXShellScriptBuildPhase;
			buildActionMask = 2147483647;
			files = (
			);
			inputPaths = (
				"${PODS_PODFILE_DIR_PATH}/Podfile.lock",
				"${PODS_ROOT}/Manifest.lock",
			);
			name = "[CP] Check Pods Manifest.lock";
			outputPaths = (
				"$(DERIVED_FILE_DIR)/Pods-CSF-OrderTests-checkManifestLockResult.txt",
			);
			runOnlyForDeploymentPostprocessing = 0;
			shellPath = /bin/sh;
			shellScript = "diff \"${PODS_PODFILE_DIR_PATH}/Podfile.lock\" \"${PODS_ROOT}/Manifest.lock\" > /dev/null\nif [ $? != 0 ] ; then\n    # print error to STDERR\n    echo \"error: The sandbox is not in sync with the Podfile.lock. Run 'pod install' or update your CocoaPods installation.\" >&2\n    exit 1\nfi\n# This output is used by Xcode 'outputs' to avoid re-running this script phase.\necho \"SUCCESS\" > \"${SCRIPT_OUTPUT_FILE_0}\"\n";
			showEnvVarsInLog = 0;
		};
/* End PBXShellScriptBuildPhase section */

/* Begin PBXSourcesBuildPhase section */
		F1A91A4B18D39602008395EE /* Sources */ = {
			isa = PBXSourcesBuildPhase;
			buildActionMask = 2147483647;
			files = (
				AD77EAA620824E8A008EB16B /* _FBTweakColorViewController.m in Sources */,
				AD77EAA320824E8A008EB16B /* _FBTweakColorViewControllerRGBDataSource.m in Sources */,
				AD77EAA520824E8A008EB16B /* _FBSliderView.m in Sources */,
				AD77EA9720824E8A008EB16B /* FBTweak.m in Sources */,
				AD77EA9A20824E8A008EB16B /* _FBColorComponentCell.m in Sources */,
				F1A91A6918D39602008395EE /* LoginViewController.m in Sources */,
				AD77EA5F20824929008EB16B /* FBShimmeringView.m in Sources */,
				F166ECA5196B1325009AF9C4 /* BaseViewController.m in Sources */,
				F1A91A6318D39602008395EE /* AppDelegate.m in Sources */,
				F1A91A5F18D39602008395EE /* main.m in Sources */,
				AD77EA9820824E8A008EB16B /* _FBTweakTableViewCell.m in Sources */,
				C9FA5DF873B38B60722DF306 /* ServiceLocator.m in Sources */,
				AD77EA9320824E8A008EB16B /* _FBTweakColorViewControllerHSBDataSource.m in Sources */,
				C9FA5C3F1C486A05A6C95D4D /* FarmDataService.m in Sources */,
				AD77EA5E20824929008EB16B /* FBShimmeringLayer.m in Sources */,
				C9FA5CD9FDF80CC6C7E0183A /* ServiceConstants.m in Sources */,
				C9FA529D3B1582A3337686AD /* NetworkingService.m in Sources */,
				C9FA53EA297BA9295AE13E2F /* User.m in Sources */,
				C9FA571CC95F01867C396445 /* OrderDataService.m in Sources */,
				C9FA58F50414CABEF28B556B /* Order.m in Sources */,
				C9FA5054B8C48E6A480575FB /* OrderItem.m in Sources */,
				AD77EAA020824E8A008EB16B /* _FBKeyboardManager.m in Sources */,
				C9FA57FF38AD151043F5CE2A /* InventoryItem.m in Sources */,
				F10EA0E118EC7D7700CCBB0D /* OrderViewController.m in Sources */,
				C9FA546C158B74E4B0F8E144 /* Item.m in Sources */,
				AD77EA9B20824E8A008EB16B /* _FBTweakBindObserver.m in Sources */,
				AD77EA9520824E8A008EB16B /* FBTweakCategory.m in Sources */,
				F1CA1A151AA6148F006740E4 /* EditItemViewController.m in Sources */,
				AD77EA9420824E8A008EB16B /* _FBTweakCollectionViewController.m in Sources */,
				AD77EAA120824E8A008EB16B /* FBTweakCollection.m in Sources */,
				AD77EA9F20824E8A008EB16B /* _FBTweakDictionaryViewController.m in Sources */,
				C9FA522CA00454882F890EBC /* UserServices.m in Sources */,
				C9FA5F8D212C1313A81A86C2 /* UITextField+Extended.m in Sources */,
				AD77EA9220824E8A008EB16B /* FBTweakStore.m in Sources */,
				AD77EA9120824E8A008EB16B /* _FBTweakCategoryViewController.m in Sources */,
				C9FA5823E761EFA48F0D647A /* ThemeManager.m in Sources */,
				AD49295A208108AB00A0BDE2 /* FXKeychain.m in Sources */,
				AD77EA9920824E8A008EB16B /* FBTweakShakeWindow.m in Sources */,
				AD77EAA420824E8A008EB16B /* _FBColorWheelCell.m in Sources */,
				C9FA597B01FADAA998955CEF /* UIColor+Extended.m in Sources */,
				C9FA52621EE162D4FA9BC9EA /* NetworkingServiceConstants.m in Sources */,
				F19EAC4219A4E78C00C50063 /* NSDictionary+NSDictionary_Extended.m in Sources */,
				C9FA5078177FF09CDBC1FFA4 /* SlideFromRightAnimationController.m in Sources */,
				C9FA59B572F39DA7602D1597 /* SlideToRightAnimationController.m in Sources */,
				AD77EA9C20824E8A008EB16B /* FBTweakInline.m in Sources */,
				C9FA5A3439A0199813F7004A /* UIImageView+Extended.m in Sources */,
				C9FA537AC74DE711D12D92FF /* FBShimmeringView+Extended.m in Sources */,
				AD77EA9E20824E8A008EB16B /* _FBTweakColorViewControllerHexDataSource.m in Sources */,
				C9FA5E68EAC61AEC1DF52870 /* OrderItemTableViewCell.m in Sources */,
				AD77EAA220824E8A008EB16B /* _FBColorUtils.m in Sources */,
				C9FA5C27A102BE295E2158F2 /* UILabel+Extended.m in Sources */,
				C9FA59A87CF2C34B316D6F2A /* ActivityIndicator.m in Sources */,
				F13746CD199E31FC008AE331 /* ItemViewController.m in Sources */,
				AD77EA9620824E8A008EB16B /* FBTweakViewController.m in Sources */,
				AD77EA9D20824E8A008EB16B /* _FBTweakArrayViewController.m in Sources */,
			);
			runOnlyForDeploymentPostprocessing = 0;
		};
		F1A91A6C18D39602008395EE /* Sources */ = {
			isa = PBXSourcesBuildPhase;
			buildActionMask = 2147483647;
			files = (
				F10E084618DB8A1C00A70217 /* OrderDataServiceTests.m in Sources */,
				F1A91A7E18D39602008395EE /* FarmDataServiceTests.m in Sources */,
				F10E084418DA2B3600A70217 /* ServiceLocatorTests.m in Sources */,
				F108CE2718E31E9C00A19A28 /* UserServicesTests.m in Sources */,
				C9FA5C1E704F2C25602CE11E /* TestConstants.m in Sources */,
			);
			runOnlyForDeploymentPostprocessing = 0;
		};
/* End PBXSourcesBuildPhase section */

/* Begin PBXTargetDependency section */
		F1A91A7618D39602008395EE /* PBXTargetDependency */ = {
			isa = PBXTargetDependency;
			target = F1A91A4E18D39602008395EE /* CSF-Order */;
			targetProxy = F1A91A7518D39602008395EE /* PBXContainerItemProxy */;
		};
/* End PBXTargetDependency section */

/* Begin PBXVariantGroup section */
		F1A91A5B18D39602008395EE /* InfoPlist.strings */ = {
			isa = PBXVariantGroup;
			children = (
				F1A91A5C18D39602008395EE /* en */,
			);
			name = InfoPlist.strings;
			sourceTree = "<group>";
		};
		F1A91A6418D39602008395EE /* Main.storyboard */ = {
			isa = PBXVariantGroup;
			children = (
				F1A91A6518D39602008395EE /* Base */,
			);
			name = Main.storyboard;
			sourceTree = "<group>";
		};
		F1A91A7A18D39602008395EE /* InfoPlist.strings */ = {
			isa = PBXVariantGroup;
			children = (
				F1A91A7B18D39602008395EE /* en */,
			);
			name = InfoPlist.strings;
			sourceTree = "<group>";
		};
/* End PBXVariantGroup section */

/* Begin XCBuildConfiguration section */
		F1A91A7F18D39602008395EE /* Debug */ = {
			isa = XCBuildConfiguration;
			buildSettings = {
				ALWAYS_SEARCH_USER_PATHS = NO;
				CLANG_CXX_LANGUAGE_STANDARD = "gnu++0x";
				CLANG_CXX_LIBRARY = "libc++";
				CLANG_ENABLE_MODULES = YES;
				CLANG_ENABLE_OBJC_ARC = YES;
				CLANG_WARN_BLOCK_CAPTURE_AUTORELEASING = YES;
				CLANG_WARN_BOOL_CONVERSION = YES;
				CLANG_WARN_COMMA = YES;
				CLANG_WARN_CONSTANT_CONVERSION = YES;
				CLANG_WARN_DEPRECATED_OBJC_IMPLEMENTATIONS = YES;
				CLANG_WARN_DIRECT_OBJC_ISA_USAGE = YES_ERROR;
				CLANG_WARN_EMPTY_BODY = YES;
				CLANG_WARN_ENUM_CONVERSION = YES;
				CLANG_WARN_INFINITE_RECURSION = YES;
				CLANG_WARN_INT_CONVERSION = YES;
				CLANG_WARN_NON_LITERAL_NULL_CONVERSION = YES;
				CLANG_WARN_OBJC_IMPLICIT_RETAIN_SELF = YES;
				CLANG_WARN_OBJC_LITERAL_CONVERSION = YES;
				CLANG_WARN_OBJC_ROOT_CLASS = YES_ERROR;
				CLANG_WARN_RANGE_LOOP_ANALYSIS = YES;
				CLANG_WARN_STRICT_PROTOTYPES = YES;
				CLANG_WARN_SUSPICIOUS_MOVE = YES;
				CLANG_WARN_UNREACHABLE_CODE = YES;
				CLANG_WARN__DUPLICATE_METHOD_MATCH = YES;
				"CODE_SIGN_IDENTITY[sdk=iphoneos*]" = "iPhone Developer";
				COPY_PHASE_STRIP = NO;
				ENABLE_STRICT_OBJC_MSGSEND = YES;
				ENABLE_TESTABILITY = YES;
				GCC_C_LANGUAGE_STANDARD = gnu99;
				GCC_DYNAMIC_NO_PIC = NO;
				GCC_NO_COMMON_BLOCKS = YES;
				GCC_OPTIMIZATION_LEVEL = 0;
				GCC_PREPROCESSOR_DEFINITIONS = (
					"DEBUG=1",
					"$(inherited)",
				);
				GCC_SYMBOLS_PRIVATE_EXTERN = NO;
				GCC_WARN_64_TO_32_BIT_CONVERSION = YES;
				GCC_WARN_ABOUT_RETURN_TYPE = YES_ERROR;
				GCC_WARN_UNDECLARED_SELECTOR = YES;
				GCC_WARN_UNINITIALIZED_AUTOS = YES_AGGRESSIVE;
				GCC_WARN_UNUSED_FUNCTION = YES;
				GCC_WARN_UNUSED_VARIABLE = YES;
				IPHONEOS_DEPLOYMENT_TARGET = 8.0;
				ONLY_ACTIVE_ARCH = YES;
				SDKROOT = iphoneos;
			};
			name = Debug;
		};
		F1A91A8018D39602008395EE /* Release */ = {
			isa = XCBuildConfiguration;
			buildSettings = {
				ALWAYS_SEARCH_USER_PATHS = NO;
				CLANG_CXX_LANGUAGE_STANDARD = "gnu++0x";
				CLANG_CXX_LIBRARY = "libc++";
				CLANG_ENABLE_MODULES = YES;
				CLANG_ENABLE_OBJC_ARC = YES;
				CLANG_WARN_BLOCK_CAPTURE_AUTORELEASING = YES;
				CLANG_WARN_BOOL_CONVERSION = YES;
				CLANG_WARN_COMMA = YES;
				CLANG_WARN_CONSTANT_CONVERSION = YES;
				CLANG_WARN_DEPRECATED_OBJC_IMPLEMENTATIONS = YES;
				CLANG_WARN_DIRECT_OBJC_ISA_USAGE = YES_ERROR;
				CLANG_WARN_EMPTY_BODY = YES;
				CLANG_WARN_ENUM_CONVERSION = YES;
				CLANG_WARN_INFINITE_RECURSION = YES;
				CLANG_WARN_INT_CONVERSION = YES;
				CLANG_WARN_NON_LITERAL_NULL_CONVERSION = YES;
				CLANG_WARN_OBJC_IMPLICIT_RETAIN_SELF = YES;
				CLANG_WARN_OBJC_LITERAL_CONVERSION = YES;
				CLANG_WARN_OBJC_ROOT_CLASS = YES_ERROR;
				CLANG_WARN_RANGE_LOOP_ANALYSIS = YES;
				CLANG_WARN_STRICT_PROTOTYPES = YES;
				CLANG_WARN_SUSPICIOUS_MOVE = YES;
				CLANG_WARN_UNREACHABLE_CODE = YES;
				CLANG_WARN__DUPLICATE_METHOD_MATCH = YES;
				"CODE_SIGN_IDENTITY[sdk=iphoneos*]" = "iPhone Developer";
				COPY_PHASE_STRIP = YES;
				ENABLE_NS_ASSERTIONS = NO;
				ENABLE_STRICT_OBJC_MSGSEND = YES;
				GCC_C_LANGUAGE_STANDARD = gnu99;
				GCC_NO_COMMON_BLOCKS = YES;
				GCC_WARN_64_TO_32_BIT_CONVERSION = YES;
				GCC_WARN_ABOUT_RETURN_TYPE = YES_ERROR;
				GCC_WARN_UNDECLARED_SELECTOR = YES;
				GCC_WARN_UNINITIALIZED_AUTOS = YES_AGGRESSIVE;
				GCC_WARN_UNUSED_FUNCTION = YES;
				GCC_WARN_UNUSED_VARIABLE = YES;
				IPHONEOS_DEPLOYMENT_TARGET = 8.0;
				SDKROOT = iphoneos;
				VALIDATE_PRODUCT = YES;
			};
			name = Release;
		};
		F1A91A8218D39602008395EE /* Debug */ = {
			isa = XCBuildConfiguration;
			baseConfigurationReference = 247D27899F8790FA7AC95110 /* Pods-CSF-Order.debug.xcconfig */;
			buildSettings = {
				ASSETCATALOG_COMPILER_APPICON_NAME = AppIcon;
				ASSETCATALOG_COMPILER_LAUNCHIMAGE_NAME = LaunchImage;
				CODE_SIGN_IDENTITY = "iPhone Developer";
				"CODE_SIGN_IDENTITY[sdk=iphoneos*]" = "iPhone Developer";
				GCC_PRECOMPILE_PREFIX_HEADER = YES;
				GCC_PREFIX_HEADER = "CSF/CSF-Order-Prefix.pch";
				INFOPLIST_FILE = "CSF/CSF-Order-Info.plist";
				IPHONEOS_DEPLOYMENT_TARGET = 9.0;
				PRODUCT_BUNDLE_IDENTIFIER = "com.seamus.mcgowan.${PRODUCT_NAME:rfc1034identifier}";
				PRODUCT_NAME = "CSF-Order";
				PROVISIONING_PROFILE = "";
				TARGETED_DEVICE_FAMILY = 1;
				USER_HEADER_SEARCH_PATHS = "\"${PROJECT_DIR}/Pods\"/**";
				WRAPPER_EXTENSION = app;
			};
			name = Debug;
		};
		F1A91A8318D39602008395EE /* Release */ = {
			isa = XCBuildConfiguration;
			baseConfigurationReference = CFB95960B1946AE39A67086B /* Pods-CSF-Order.release.xcconfig */;
			buildSettings = {
				ASSETCATALOG_COMPILER_APPICON_NAME = AppIcon;
				ASSETCATALOG_COMPILER_LAUNCHIMAGE_NAME = LaunchImage;
				CODE_SIGN_IDENTITY = "iPhone Developer";
				"CODE_SIGN_IDENTITY[sdk=iphoneos*]" = "iPhone Developer";
				GCC_PRECOMPILE_PREFIX_HEADER = YES;
				GCC_PREFIX_HEADER = "CSF/CSF-Order-Prefix.pch";
				INFOPLIST_FILE = "CSF/CSF-Order-Info.plist";
				IPHONEOS_DEPLOYMENT_TARGET = 9.0;
				PRODUCT_BUNDLE_IDENTIFIER = "com.seamus.mcgowan.${PRODUCT_NAME:rfc1034identifier}";
				PRODUCT_NAME = "CSF-Order";
				PROVISIONING_PROFILE = "";
				TARGETED_DEVICE_FAMILY = 1;
				USER_HEADER_SEARCH_PATHS = "\"${PROJECT_DIR}/Pods\"/**";
				WRAPPER_EXTENSION = app;
			};
			name = Release;
		};
		F1A91A8518D39602008395EE /* Debug */ = {
			isa = XCBuildConfiguration;
			baseConfigurationReference = 5477B4EF33F8DAC06A771F4C /* Pods-CSF-OrderTests.debug.xcconfig */;
			buildSettings = {
				BUNDLE_LOADER = "$(TEST_HOST)";
				FRAMEWORK_SEARCH_PATHS = "";
				GCC_PRECOMPILE_PREFIX_HEADER = YES;
				GCC_PREFIX_HEADER = "CSF/CSF-Order-Prefix.pch";
				GCC_PREPROCESSOR_DEFINITIONS = (
					"DEBUG=1",
					"$(inherited)",
				);
				INFOPLIST_FILE = "CSFTests/CSF-OrderTests-Info.plist";
				IPHONEOS_DEPLOYMENT_TARGET = 9.0;
				PRODUCT_BUNDLE_IDENTIFIER = "com.seamus.mcgowan.${PRODUCT_NAME:rfc1034identifier}";
				PRODUCT_NAME = "CSF-OrderTests";
				TEST_HOST = "$(BUILT_PRODUCTS_DIR)/CSF-Order.app/CSF-Order";
				USER_HEADER_SEARCH_PATHS = "\"${PROJECT_DIR}/Pods\"/** \"${PROJECT_DIR}/Pods\"/**";
				WRAPPER_EXTENSION = xctest;
			};
			name = Debug;
		};
		F1A91A8618D39602008395EE /* Release */ = {
			isa = XCBuildConfiguration;
			baseConfigurationReference = 4F713B10C9B4CA4E7EE39D92 /* Pods-CSF-OrderTests.release.xcconfig */;
			buildSettings = {
				BUNDLE_LOADER = "$(TEST_HOST)";
				FRAMEWORK_SEARCH_PATHS = "";
				GCC_PRECOMPILE_PREFIX_HEADER = YES;
				GCC_PREFIX_HEADER = "CSF/CSF-Order-Prefix.pch";
				INFOPLIST_FILE = "CSFTests/CSF-OrderTests-Info.plist";
				IPHONEOS_DEPLOYMENT_TARGET = 9.0;
				PRODUCT_BUNDLE_IDENTIFIER = "com.seamus.mcgowan.${PRODUCT_NAME:rfc1034identifier}";
				PRODUCT_NAME = "CSF-OrderTests";
				TEST_HOST = "$(BUILT_PRODUCTS_DIR)/CSF-Order.app/CSF-Order";
				USER_HEADER_SEARCH_PATHS = "\"${PROJECT_DIR}/Pods\"/** \"${PROJECT_DIR}/Pods\"/**";
				WRAPPER_EXTENSION = xctest;
			};
			name = Release;
		};
/* End XCBuildConfiguration section */

/* Begin XCConfigurationList section */
		F1A91A4A18D39602008395EE /* Build configuration list for PBXProject "CSF-Order" */ = {
			isa = XCConfigurationList;
			buildConfigurations = (
				F1A91A7F18D39602008395EE /* Debug */,
				F1A91A8018D39602008395EE /* Release */,
			);
			defaultConfigurationIsVisible = 0;
			defaultConfigurationName = Release;
		};
		F1A91A8118D39602008395EE /* Build configuration list for PBXNativeTarget "CSF-Order" */ = {
			isa = XCConfigurationList;
			buildConfigurations = (
				F1A91A8218D39602008395EE /* Debug */,
				F1A91A8318D39602008395EE /* Release */,
			);
			defaultConfigurationIsVisible = 0;
			defaultConfigurationName = Release;
		};
		F1A91A8418D39602008395EE /* Build configuration list for PBXNativeTarget "CSF-OrderTests" */ = {
			isa = XCConfigurationList;
			buildConfigurations = (
				F1A91A8518D39602008395EE /* Debug */,
				F1A91A8618D39602008395EE /* Release */,
			);
			defaultConfigurationIsVisible = 0;
			defaultConfigurationName = Release;
		};
/* End XCConfigurationList section */
	};
	rootObject = F1A91A4718D39602008395EE /* Project object */;
}
